// !$*UTF8*$!
{
	archiveVersion = 1;
	classes = {
	};
	objectVersion = 60;
	objects = {

/* Begin PBXBuildFile section */
		C3630D552C076A4C0010EE86 /* CoreStoreDBApp.swift in Sources */ = {isa = PBXBuildFile; fileRef = C3630D542C076A4C0010EE86 /* CoreStoreDBApp.swift */; };
		C3630D592C076A4E0010EE86 /* Assets.xcassets in Resources */ = {isa = PBXBuildFile; fileRef = C3630D582C076A4E0010EE86 /* Assets.xcassets */; };
		C3630D5C2C076A4E0010EE86 /* Preview Assets.xcassets in Resources */ = {isa = PBXBuildFile; fileRef = C3630D5B2C076A4E0010EE86 /* Preview Assets.xcassets */; };
		C3630D702C076B460010EE86 /* DatabaseManager.swift in Sources */ = {isa = PBXBuildFile; fileRef = C3630D6F2C076B460010EE86 /* DatabaseManager.swift */; };
		C3630D722C076B6C0010EE86 /* CoreStoreDatabaseQuery.swift in Sources */ = {isa = PBXBuildFile; fileRef = C3630D712C076B6C0010EE86 /* CoreStoreDatabaseQuery.swift */; };
		C3630D742C076B810010EE86 /* TodoEntity.swift in Sources */ = {isa = PBXBuildFile; fileRef = C3630D732C076B810010EE86 /* TodoEntity.swift */; };
		C3630D762C076B910010EE86 /* TodoGroupEntity.swift in Sources */ = {isa = PBXBuildFile; fileRef = C3630D752C076B910010EE86 /* TodoGroupEntity.swift */; };
		C3630D7A2C07BAA70010EE86 /* CoreStore in Frameworks */ = {isa = PBXBuildFile; productRef = C3630D792C07BAA70010EE86 /* CoreStore */; };
		C3630D7C2C08703C0010EE86 /* Core in Frameworks */ = {isa = PBXBuildFile; productRef = C3630D7B2C08703C0010EE86 /* Core */; };
		C3630D852C091B6E0010EE86 /* Fluent in Frameworks */ = {isa = PBXBuildFile; productRef = C3630D842C091B6E0010EE86 /* Fluent */; };
		C3630D8B2C0920810010EE86 /* RealmDBModule in Frameworks */ = {isa = PBXBuildFile; productRef = C3630D8A2C0920810010EE86 /* RealmDBModule */; };
		C3630D8E2C0923F60010EE86 /* SwiftDataModule in Frameworks */ = {isa = PBXBuildFile; productRef = C3630D8D2C0923F60010EE86 /* SwiftDataModule */; };
		C3630D962C0926650010EE86 /* PerformanceAllDbApp.swift in Sources */ = {isa = PBXBuildFile; fileRef = C3630D952C0926650010EE86 /* PerformanceAllDbApp.swift */; };
		C3630D982C0926650010EE86 /* ContentView.swift in Sources */ = {isa = PBXBuildFile; fileRef = C3630D972C0926650010EE86 /* ContentView.swift */; };
		C3630D9A2C0926670010EE86 /* Assets.xcassets in Resources */ = {isa = PBXBuildFile; fileRef = C3630D992C0926670010EE86 /* Assets.xcassets */; };
		C3630D9D2C0926670010EE86 /* Preview Assets.xcassets in Resources */ = {isa = PBXBuildFile; fileRef = C3630D9C2C0926670010EE86 /* Preview Assets.xcassets */; };
		C3630DA22C09279B0010EE86 /* Core in Frameworks */ = {isa = PBXBuildFile; productRef = C3630DA12C09279B0010EE86 /* Core */; };
		C3630DA42C09279B0010EE86 /* Fluent in Frameworks */ = {isa = PBXBuildFile; productRef = C3630DA32C09279B0010EE86 /* Fluent */; };
		C3630DA62C09279B0010EE86 /* RealmDBModule in Frameworks */ = {isa = PBXBuildFile; productRef = C3630DA52C09279B0010EE86 /* RealmDBModule */; };
		C3630DA82C09279B0010EE86 /* SwiftDataModule in Frameworks */ = {isa = PBXBuildFile; productRef = C3630DA72C09279B0010EE86 /* SwiftDataModule */; };
		C38723142B75488300B66242 /* FluentDBApp.swift in Sources */ = {isa = PBXBuildFile; fileRef = C38723132B75488300B66242 /* FluentDBApp.swift */; };
		C38723182B75488500B66242 /* Assets.xcassets in Resources */ = {isa = PBXBuildFile; fileRef = C38723172B75488500B66242 /* Assets.xcassets */; };
		C387231B2B75488500B66242 /* Preview Assets.xcassets in Resources */ = {isa = PBXBuildFile; fileRef = C387231A2B75488500B66242 /* Preview Assets.xcassets */; };
		C38723252B75488500B66242 /* FluentDBTests.swift in Sources */ = {isa = PBXBuildFile; fileRef = C38723242B75488500B66242 /* FluentDBTests.swift */; };
		C387232F2B75488500B66242 /* FluentDBUITests.swift in Sources */ = {isa = PBXBuildFile; fileRef = C387232E2B75488500B66242 /* FluentDBUITests.swift */; };
		C38723312B75488500B66242 /* FluentDBUITestsLaunchTests.swift in Sources */ = {isa = PBXBuildFile; fileRef = C38723302B75488500B66242 /* FluentDBUITestsLaunchTests.swift */; };
		C387233F2B75495E00B66242 /* FluentSQLiteDriver in Frameworks */ = {isa = PBXBuildFile; productRef = C387233E2B75495E00B66242 /* FluentSQLiteDriver */; };
		C3A4DA7F2BEAC2320010FD6D /* SwiftDataDBApp.swift in Sources */ = {isa = PBXBuildFile; fileRef = C3A4DA7E2BEAC2320010FD6D /* SwiftDataDBApp.swift */; };
		C3A4DA832BEAC2330010FD6D /* Assets.xcassets in Resources */ = {isa = PBXBuildFile; fileRef = C3A4DA822BEAC2330010FD6D /* Assets.xcassets */; };
		C3A4DA862BEAC2330010FD6D /* Preview Assets.xcassets in Resources */ = {isa = PBXBuildFile; fileRef = C3A4DA852BEAC2330010FD6D /* Preview Assets.xcassets */; };
		C3A4DA902BEAC2330010FD6D /* SwiftDataDBTests.swift in Sources */ = {isa = PBXBuildFile; fileRef = C3A4DA8F2BEAC2330010FD6D /* SwiftDataDBTests.swift */; };
		C3A4DA9A2BEAC2330010FD6D /* SwiftDataDBUITests.swift in Sources */ = {isa = PBXBuildFile; fileRef = C3A4DA992BEAC2330010FD6D /* SwiftDataDBUITests.swift */; };
		C3A4DA9C2BEAC2330010FD6D /* SwiftDataDBUITestsLaunchTests.swift in Sources */ = {isa = PBXBuildFile; fileRef = C3A4DA9B2BEAC2330010FD6D /* SwiftDataDBUITestsLaunchTests.swift */; };
		C3A4DABB2BEE0B6B0010FD6D /* Core in Frameworks */ = {isa = PBXBuildFile; productRef = C3A4DABA2BEE0B6B0010FD6D /* Core */; };
		C3A4DAC32BEE1B5E0010FD6D /* Core in Frameworks */ = {isa = PBXBuildFile; productRef = C3A4DAC22BEE1B5E0010FD6D /* Core */; };
		C3A4DACB2BEE77230010FD6D /* RealmDBApp.swift in Sources */ = {isa = PBXBuildFile; fileRef = C3A4DACA2BEE77230010FD6D /* RealmDBApp.swift */; };
		C3A4DACF2BEE77250010FD6D /* Assets.xcassets in Resources */ = {isa = PBXBuildFile; fileRef = C3A4DACE2BEE77250010FD6D /* Assets.xcassets */; };
		C3A4DAD22BEE77250010FD6D /* Preview Assets.xcassets in Resources */ = {isa = PBXBuildFile; fileRef = C3A4DAD12BEE77250010FD6D /* Preview Assets.xcassets */; };
		C3A4DADC2BEE77260010FD6D /* RealmDBTests.swift in Sources */ = {isa = PBXBuildFile; fileRef = C3A4DADB2BEE77260010FD6D /* RealmDBTests.swift */; };
		C3A4DAE62BEE77260010FD6D /* RealmDBUITests.swift in Sources */ = {isa = PBXBuildFile; fileRef = C3A4DAE52BEE77260010FD6D /* RealmDBUITests.swift */; };
		C3A4DAE82BEE77260010FD6D /* RealmDBUITestsLaunchTests.swift in Sources */ = {isa = PBXBuildFile; fileRef = C3A4DAE72BEE77260010FD6D /* RealmDBUITestsLaunchTests.swift */; };
		C3A4DB012BEE78840010FD6D /* RealmSwift in Frameworks */ = {isa = PBXBuildFile; productRef = C3A4DB002BEE78840010FD6D /* RealmSwift */; };
		C3A4DB032BEEA8ED0010FD6D /* Core in Frameworks */ = {isa = PBXBuildFile; productRef = C3A4DB022BEEA8ED0010FD6D /* Core */; };
		C3A4DB042BEEC0BB0010FD6D /* RealmSwift in Embed Frameworks */ = {isa = PBXBuildFile; productRef = C3A4DB002BEE78840010FD6D /* RealmSwift */; settings = {ATTRIBUTES = (CodeSignOnCopy, ); }; };
/* End PBXBuildFile section */

/* Begin PBXContainerItemProxy section */
		C38723212B75488500B66242 /* PBXContainerItemProxy */ = {
			isa = PBXContainerItemProxy;
			containerPortal = C38723082B75488200B66242 /* Project object */;
			proxyType = 1;
			remoteGlobalIDString = C387230F2B75488200B66242;
			remoteInfo = FluentDB;
		};
		C387232B2B75488500B66242 /* PBXContainerItemProxy */ = {
			isa = PBXContainerItemProxy;
			containerPortal = C38723082B75488200B66242 /* Project object */;
			proxyType = 1;
			remoteGlobalIDString = C387230F2B75488200B66242;
			remoteInfo = FluentDB;
		};
		C3A4DA8C2BEAC2330010FD6D /* PBXContainerItemProxy */ = {
			isa = PBXContainerItemProxy;
			containerPortal = C38723082B75488200B66242 /* Project object */;
			proxyType = 1;
			remoteGlobalIDString = C3A4DA7B2BEAC2310010FD6D;
			remoteInfo = SwiftDataDB;
		};
		C3A4DA962BEAC2330010FD6D /* PBXContainerItemProxy */ = {
			isa = PBXContainerItemProxy;
			containerPortal = C38723082B75488200B66242 /* Project object */;
			proxyType = 1;
			remoteGlobalIDString = C3A4DA7B2BEAC2310010FD6D;
			remoteInfo = SwiftDataDB;
		};
		C3A4DAD82BEE77260010FD6D /* PBXContainerItemProxy */ = {
			isa = PBXContainerItemProxy;
			containerPortal = C38723082B75488200B66242 /* Project object */;
			proxyType = 1;
			remoteGlobalIDString = C3A4DAC72BEE77230010FD6D;
			remoteInfo = RealmDB;
		};
		C3A4DAE22BEE77260010FD6D /* PBXContainerItemProxy */ = {
			isa = PBXContainerItemProxy;
			containerPortal = C38723082B75488200B66242 /* Project object */;
			proxyType = 1;
			remoteGlobalIDString = C3A4DAC72BEE77230010FD6D;
			remoteInfo = RealmDB;
		};
/* End PBXContainerItemProxy section */

/* Begin PBXCopyFilesBuildPhase section */
		C3A4DB052BEEC0BB0010FD6D /* Embed Frameworks */ = {
			isa = PBXCopyFilesBuildPhase;
			buildActionMask = 2147483647;
			dstPath = "";
			dstSubfolderSpec = 10;
			files = (
				C3A4DB042BEEC0BB0010FD6D /* RealmSwift in Embed Frameworks */,
			);
			name = "Embed Frameworks";
			runOnlyForDeploymentPostprocessing = 0;
		};
/* End PBXCopyFilesBuildPhase section */

/* Begin PBXFileReference section */
		C3630D522C076A4C0010EE86 /* CoreStoreDB.app */ = {isa = PBXFileReference; explicitFileType = wrapper.application; includeInIndex = 0; path = CoreStoreDB.app; sourceTree = BUILT_PRODUCTS_DIR; };
		C3630D542C076A4C0010EE86 /* CoreStoreDBApp.swift */ = {isa = PBXFileReference; lastKnownFileType = sourcecode.swift; path = CoreStoreDBApp.swift; sourceTree = "<group>"; };
		C3630D582C076A4E0010EE86 /* Assets.xcassets */ = {isa = PBXFileReference; lastKnownFileType = folder.assetcatalog; path = Assets.xcassets; sourceTree = "<group>"; };
		C3630D5B2C076A4E0010EE86 /* Preview Assets.xcassets */ = {isa = PBXFileReference; lastKnownFileType = folder.assetcatalog; path = "Preview Assets.xcassets"; sourceTree = "<group>"; };
		C3630D6F2C076B460010EE86 /* DatabaseManager.swift */ = {isa = PBXFileReference; lastKnownFileType = sourcecode.swift; path = DatabaseManager.swift; sourceTree = "<group>"; };
		C3630D712C076B6C0010EE86 /* CoreStoreDatabaseQuery.swift */ = {isa = PBXFileReference; lastKnownFileType = sourcecode.swift; path = CoreStoreDatabaseQuery.swift; sourceTree = "<group>"; };
		C3630D732C076B810010EE86 /* TodoEntity.swift */ = {isa = PBXFileReference; lastKnownFileType = sourcecode.swift; path = TodoEntity.swift; sourceTree = "<group>"; };
		C3630D752C076B910010EE86 /* TodoGroupEntity.swift */ = {isa = PBXFileReference; lastKnownFileType = sourcecode.swift; path = TodoGroupEntity.swift; sourceTree = "<group>"; };
		C3630D932C0926650010EE86 /* PerformanceAllDb.app */ = {isa = PBXFileReference; explicitFileType = wrapper.application; includeInIndex = 0; path = PerformanceAllDb.app; sourceTree = BUILT_PRODUCTS_DIR; };
		C3630D952C0926650010EE86 /* PerformanceAllDbApp.swift */ = {isa = PBXFileReference; lastKnownFileType = sourcecode.swift; path = PerformanceAllDbApp.swift; sourceTree = "<group>"; };
		C3630D972C0926650010EE86 /* ContentView.swift */ = {isa = PBXFileReference; lastKnownFileType = sourcecode.swift; path = ContentView.swift; sourceTree = "<group>"; };
		C3630D992C0926670010EE86 /* Assets.xcassets */ = {isa = PBXFileReference; lastKnownFileType = folder.assetcatalog; path = Assets.xcassets; sourceTree = "<group>"; };
		C3630D9C2C0926670010EE86 /* Preview Assets.xcassets */ = {isa = PBXFileReference; lastKnownFileType = folder.assetcatalog; path = "Preview Assets.xcassets"; sourceTree = "<group>"; };
		C38723102B75488300B66242 /* FluentDB.app */ = {isa = PBXFileReference; explicitFileType = wrapper.application; includeInIndex = 0; path = FluentDB.app; sourceTree = BUILT_PRODUCTS_DIR; };
		C38723132B75488300B66242 /* FluentDBApp.swift */ = {isa = PBXFileReference; lastKnownFileType = sourcecode.swift; path = FluentDBApp.swift; sourceTree = "<group>"; };
		C38723172B75488500B66242 /* Assets.xcassets */ = {isa = PBXFileReference; lastKnownFileType = folder.assetcatalog; path = Assets.xcassets; sourceTree = "<group>"; };
		C387231A2B75488500B66242 /* Preview Assets.xcassets */ = {isa = PBXFileReference; lastKnownFileType = folder.assetcatalog; path = "Preview Assets.xcassets"; sourceTree = "<group>"; };
		C38723202B75488500B66242 /* FluentDBTests.xctest */ = {isa = PBXFileReference; explicitFileType = wrapper.cfbundle; includeInIndex = 0; path = FluentDBTests.xctest; sourceTree = BUILT_PRODUCTS_DIR; };
		C38723242B75488500B66242 /* FluentDBTests.swift */ = {isa = PBXFileReference; lastKnownFileType = sourcecode.swift; path = FluentDBTests.swift; sourceTree = "<group>"; };
		C387232A2B75488500B66242 /* FluentDBUITests.xctest */ = {isa = PBXFileReference; explicitFileType = wrapper.cfbundle; includeInIndex = 0; path = FluentDBUITests.xctest; sourceTree = BUILT_PRODUCTS_DIR; };
		C387232E2B75488500B66242 /* FluentDBUITests.swift */ = {isa = PBXFileReference; lastKnownFileType = sourcecode.swift; path = FluentDBUITests.swift; sourceTree = "<group>"; };
		C38723302B75488500B66242 /* FluentDBUITestsLaunchTests.swift */ = {isa = PBXFileReference; lastKnownFileType = sourcecode.swift; path = FluentDBUITestsLaunchTests.swift; sourceTree = "<group>"; };
		C3A4DA7C2BEAC2320010FD6D /* SwiftDataDB.app */ = {isa = PBXFileReference; explicitFileType = wrapper.application; includeInIndex = 0; path = SwiftDataDB.app; sourceTree = BUILT_PRODUCTS_DIR; };
		C3A4DA7E2BEAC2320010FD6D /* SwiftDataDBApp.swift */ = {isa = PBXFileReference; lastKnownFileType = sourcecode.swift; path = SwiftDataDBApp.swift; sourceTree = "<group>"; };
		C3A4DA822BEAC2330010FD6D /* Assets.xcassets */ = {isa = PBXFileReference; lastKnownFileType = folder.assetcatalog; path = Assets.xcassets; sourceTree = "<group>"; };
		C3A4DA852BEAC2330010FD6D /* Preview Assets.xcassets */ = {isa = PBXFileReference; lastKnownFileType = folder.assetcatalog; path = "Preview Assets.xcassets"; sourceTree = "<group>"; };
		C3A4DA8B2BEAC2330010FD6D /* SwiftDataDBTests.xctest */ = {isa = PBXFileReference; explicitFileType = wrapper.cfbundle; includeInIndex = 0; path = SwiftDataDBTests.xctest; sourceTree = BUILT_PRODUCTS_DIR; };
		C3A4DA8F2BEAC2330010FD6D /* SwiftDataDBTests.swift */ = {isa = PBXFileReference; lastKnownFileType = sourcecode.swift; path = SwiftDataDBTests.swift; sourceTree = "<group>"; };
		C3A4DA952BEAC2330010FD6D /* SwiftDataDBUITests.xctest */ = {isa = PBXFileReference; explicitFileType = wrapper.cfbundle; includeInIndex = 0; path = SwiftDataDBUITests.xctest; sourceTree = BUILT_PRODUCTS_DIR; };
		C3A4DA992BEAC2330010FD6D /* SwiftDataDBUITests.swift */ = {isa = PBXFileReference; lastKnownFileType = sourcecode.swift; path = SwiftDataDBUITests.swift; sourceTree = "<group>"; };
		C3A4DA9B2BEAC2330010FD6D /* SwiftDataDBUITestsLaunchTests.swift */ = {isa = PBXFileReference; lastKnownFileType = sourcecode.swift; path = SwiftDataDBUITestsLaunchTests.swift; sourceTree = "<group>"; };
		C3A4DAC82BEE77230010FD6D /* RealmDB.app */ = {isa = PBXFileReference; explicitFileType = wrapper.application; includeInIndex = 0; path = RealmDB.app; sourceTree = BUILT_PRODUCTS_DIR; };
		C3A4DACA2BEE77230010FD6D /* RealmDBApp.swift */ = {isa = PBXFileReference; lastKnownFileType = sourcecode.swift; path = RealmDBApp.swift; sourceTree = "<group>"; };
		C3A4DACE2BEE77250010FD6D /* Assets.xcassets */ = {isa = PBXFileReference; lastKnownFileType = folder.assetcatalog; path = Assets.xcassets; sourceTree = "<group>"; };
		C3A4DAD12BEE77250010FD6D /* Preview Assets.xcassets */ = {isa = PBXFileReference; lastKnownFileType = folder.assetcatalog; path = "Preview Assets.xcassets"; sourceTree = "<group>"; };
		C3A4DAD72BEE77260010FD6D /* RealmDBTests.xctest */ = {isa = PBXFileReference; explicitFileType = wrapper.cfbundle; includeInIndex = 0; path = RealmDBTests.xctest; sourceTree = BUILT_PRODUCTS_DIR; };
		C3A4DADB2BEE77260010FD6D /* RealmDBTests.swift */ = {isa = PBXFileReference; lastKnownFileType = sourcecode.swift; path = RealmDBTests.swift; sourceTree = "<group>"; };
		C3A4DAE12BEE77260010FD6D /* RealmDBUITests.xctest */ = {isa = PBXFileReference; explicitFileType = wrapper.cfbundle; includeInIndex = 0; path = RealmDBUITests.xctest; sourceTree = BUILT_PRODUCTS_DIR; };
		C3A4DAE52BEE77260010FD6D /* RealmDBUITests.swift */ = {isa = PBXFileReference; lastKnownFileType = sourcecode.swift; path = RealmDBUITests.swift; sourceTree = "<group>"; };
		C3A4DAE72BEE77260010FD6D /* RealmDBUITestsLaunchTests.swift */ = {isa = PBXFileReference; lastKnownFileType = sourcecode.swift; path = RealmDBUITestsLaunchTests.swift; sourceTree = "<group>"; };
/* End PBXFileReference section */

/* Begin PBXFrameworksBuildPhase section */
		C3630D4F2C076A4C0010EE86 /* Frameworks */ = {
			isa = PBXFrameworksBuildPhase;
			buildActionMask = 2147483647;
			files = (
				C3630D7A2C07BAA70010EE86 /* CoreStore in Frameworks */,
				C3630D7C2C08703C0010EE86 /* Core in Frameworks */,
			);
			runOnlyForDeploymentPostprocessing = 0;
		};
		C3630D902C0926650010EE86 /* Frameworks */ = {
			isa = PBXFrameworksBuildPhase;
			buildActionMask = 2147483647;
			files = (
				C3630DA82C09279B0010EE86 /* SwiftDataModule in Frameworks */,
				C3630DA42C09279B0010EE86 /* Fluent in Frameworks */,
				C3630DA62C09279B0010EE86 /* RealmDBModule in Frameworks */,
				C3630DA22C09279B0010EE86 /* Core in Frameworks */,
			);
			runOnlyForDeploymentPostprocessing = 0;
		};
		C387230D2B75488200B66242 /* Frameworks */ = {
			isa = PBXFrameworksBuildPhase;
			buildActionMask = 2147483647;
			files = (
				C387233F2B75495E00B66242 /* FluentSQLiteDriver in Frameworks */,
				C3A4DABB2BEE0B6B0010FD6D /* Core in Frameworks */,
				C3630D852C091B6E0010EE86 /* Fluent in Frameworks */,
			);
			runOnlyForDeploymentPostprocessing = 0;
		};
		C387231D2B75488500B66242 /* Frameworks */ = {
			isa = PBXFrameworksBuildPhase;
			buildActionMask = 2147483647;
			files = (
			);
			runOnlyForDeploymentPostprocessing = 0;
		};
		C38723272B75488500B66242 /* Frameworks */ = {
			isa = PBXFrameworksBuildPhase;
			buildActionMask = 2147483647;
			files = (
			);
			runOnlyForDeploymentPostprocessing = 0;
		};
		C3A4DA792BEAC2310010FD6D /* Frameworks */ = {
			isa = PBXFrameworksBuildPhase;
			buildActionMask = 2147483647;
			files = (
				C3630D8E2C0923F60010EE86 /* SwiftDataModule in Frameworks */,
				C3A4DAC32BEE1B5E0010FD6D /* Core in Frameworks */,
			);
			runOnlyForDeploymentPostprocessing = 0;
		};
		C3A4DA882BEAC2330010FD6D /* Frameworks */ = {
			isa = PBXFrameworksBuildPhase;
			buildActionMask = 2147483647;
			files = (
			);
			runOnlyForDeploymentPostprocessing = 0;
		};
		C3A4DA922BEAC2330010FD6D /* Frameworks */ = {
			isa = PBXFrameworksBuildPhase;
			buildActionMask = 2147483647;
			files = (
			);
			runOnlyForDeploymentPostprocessing = 0;
		};
		C3A4DAC52BEE77230010FD6D /* Frameworks */ = {
			isa = PBXFrameworksBuildPhase;
			buildActionMask = 2147483647;
			files = (
				C3A4DB012BEE78840010FD6D /* RealmSwift in Frameworks */,
				C3630D8B2C0920810010EE86 /* RealmDBModule in Frameworks */,
				C3A4DB032BEEA8ED0010FD6D /* Core in Frameworks */,
			);
			runOnlyForDeploymentPostprocessing = 0;
		};
		C3A4DAD42BEE77260010FD6D /* Frameworks */ = {
			isa = PBXFrameworksBuildPhase;
			buildActionMask = 2147483647;
			files = (
			);
			runOnlyForDeploymentPostprocessing = 0;
		};
		C3A4DADE2BEE77260010FD6D /* Frameworks */ = {
			isa = PBXFrameworksBuildPhase;
			buildActionMask = 2147483647;
			files = (
			);
			runOnlyForDeploymentPostprocessing = 0;
		};
/* End PBXFrameworksBuildPhase section */

/* Begin PBXGroup section */
		C3630D532C076A4C0010EE86 /* CoreStoreDB */ = {
			isa = PBXGroup;
			children = (
				C3630D6D2C076B0C0010EE86 /* DB */,
				C3630D6C2C076B0C0010EE86 /* Entities */,
				C3630D6E2C076B0C0010EE86 /* View */,
				C3630D582C076A4E0010EE86 /* Assets.xcassets */,
				C3630D5A2C076A4E0010EE86 /* Preview Content */,
			);
			path = CoreStoreDB;
			sourceTree = "<group>";
		};
		C3630D5A2C076A4E0010EE86 /* Preview Content */ = {
			isa = PBXGroup;
			children = (
				C3630D5B2C076A4E0010EE86 /* Preview Assets.xcassets */,
			);
			path = "Preview Content";
			sourceTree = "<group>";
		};
		C3630D6C2C076B0C0010EE86 /* Entities */ = {
			isa = PBXGroup;
			children = (
				C3630D732C076B810010EE86 /* TodoEntity.swift */,
				C3630D752C076B910010EE86 /* TodoGroupEntity.swift */,
			);
			path = Entities;
			sourceTree = "<group>";
		};
		C3630D6D2C076B0C0010EE86 /* DB */ = {
			isa = PBXGroup;
			children = (
				C3630D6F2C076B460010EE86 /* DatabaseManager.swift */,
				C3630D712C076B6C0010EE86 /* CoreStoreDatabaseQuery.swift */,
			);
			path = DB;
			sourceTree = "<group>";
		};
		C3630D6E2C076B0C0010EE86 /* View */ = {
			isa = PBXGroup;
			children = (
				C3630D542C076A4C0010EE86 /* CoreStoreDBApp.swift */,
			);
			path = View;
			sourceTree = "<group>";
		};
		C3630D942C0926650010EE86 /* PerformanceAllDb */ = {
			isa = PBXGroup;
			children = (
				C3630D952C0926650010EE86 /* PerformanceAllDbApp.swift */,
				C3630D972C0926650010EE86 /* ContentView.swift */,
				C3630D992C0926670010EE86 /* Assets.xcassets */,
				C3630D9B2C0926670010EE86 /* Preview Content */,
			);
			path = PerformanceAllDb;
			sourceTree = "<group>";
		};
		C3630D9B2C0926670010EE86 /* Preview Content */ = {
			isa = PBXGroup;
			children = (
				C3630D9C2C0926670010EE86 /* Preview Assets.xcassets */,
			);
			path = "Preview Content";
			sourceTree = "<group>";
		};
		C38723072B75488200B66242 = {
			isa = PBXGroup;
			children = (
				C38723122B75488300B66242 /* FluentDB */,
				C38723232B75488500B66242 /* FluentDBTests */,
				C387232D2B75488500B66242 /* FluentDBUITests */,
				C3A4DA7D2BEAC2320010FD6D /* SwiftDataDB */,
				C3A4DA8E2BEAC2330010FD6D /* SwiftDataDBTests */,
				C3A4DA982BEAC2330010FD6D /* SwiftDataDBUITests */,
				C3A4DAC92BEE77230010FD6D /* RealmDB */,
				C3A4DADA2BEE77260010FD6D /* RealmDBTests */,
				C3A4DAE42BEE77260010FD6D /* RealmDBUITests */,
				C3630D532C076A4C0010EE86 /* CoreStoreDB */,
				C3630D942C0926650010EE86 /* PerformanceAllDb */,
				C38723112B75488300B66242 /* Products */,
				C3A4DAB92BEE0B6B0010FD6D /* Frameworks */,
			);
			sourceTree = "<group>";
		};
		C38723112B75488300B66242 /* Products */ = {
			isa = PBXGroup;
			children = (
				C38723102B75488300B66242 /* FluentDB.app */,
				C38723202B75488500B66242 /* FluentDBTests.xctest */,
				C387232A2B75488500B66242 /* FluentDBUITests.xctest */,
				C3A4DA7C2BEAC2320010FD6D /* SwiftDataDB.app */,
				C3A4DA8B2BEAC2330010FD6D /* SwiftDataDBTests.xctest */,
				C3A4DA952BEAC2330010FD6D /* SwiftDataDBUITests.xctest */,
				C3A4DAC82BEE77230010FD6D /* RealmDB.app */,
				C3A4DAD72BEE77260010FD6D /* RealmDBTests.xctest */,
				C3A4DAE12BEE77260010FD6D /* RealmDBUITests.xctest */,
				C3630D522C076A4C0010EE86 /* CoreStoreDB.app */,
				C3630D932C0926650010EE86 /* PerformanceAllDb.app */,
			);
			name = Products;
			sourceTree = "<group>";
		};
		C38723122B75488300B66242 /* FluentDB */ = {
			isa = PBXGroup;
			children = (
				C38723132B75488300B66242 /* FluentDBApp.swift */,
				C38723172B75488500B66242 /* Assets.xcassets */,
				C38723192B75488500B66242 /* Preview Content */,
			);
			path = FluentDB;
			sourceTree = "<group>";
		};
		C38723192B75488500B66242 /* Preview Content */ = {
			isa = PBXGroup;
			children = (
				C387231A2B75488500B66242 /* Preview Assets.xcassets */,
			);
			path = "Preview Content";
			sourceTree = "<group>";
		};
		C38723232B75488500B66242 /* FluentDBTests */ = {
			isa = PBXGroup;
			children = (
				C38723242B75488500B66242 /* FluentDBTests.swift */,
			);
			path = FluentDBTests;
			sourceTree = "<group>";
		};
		C387232D2B75488500B66242 /* FluentDBUITests */ = {
			isa = PBXGroup;
			children = (
				C387232E2B75488500B66242 /* FluentDBUITests.swift */,
				C38723302B75488500B66242 /* FluentDBUITestsLaunchTests.swift */,
			);
			path = FluentDBUITests;
			sourceTree = "<group>";
		};
		C3A4DA7D2BEAC2320010FD6D /* SwiftDataDB */ = {
			isa = PBXGroup;
			children = (
				C3A4DA7E2BEAC2320010FD6D /* SwiftDataDBApp.swift */,
				C3A4DA822BEAC2330010FD6D /* Assets.xcassets */,
				C3A4DA842BEAC2330010FD6D /* Preview Content */,
			);
			path = SwiftDataDB;
			sourceTree = "<group>";
		};
		C3A4DA842BEAC2330010FD6D /* Preview Content */ = {
			isa = PBXGroup;
			children = (
				C3A4DA852BEAC2330010FD6D /* Preview Assets.xcassets */,
			);
			path = "Preview Content";
			sourceTree = "<group>";
		};
		C3A4DA8E2BEAC2330010FD6D /* SwiftDataDBTests */ = {
			isa = PBXGroup;
			children = (
				C3A4DA8F2BEAC2330010FD6D /* SwiftDataDBTests.swift */,
			);
			path = SwiftDataDBTests;
			sourceTree = "<group>";
		};
		C3A4DA982BEAC2330010FD6D /* SwiftDataDBUITests */ = {
			isa = PBXGroup;
			children = (
				C3A4DA992BEAC2330010FD6D /* SwiftDataDBUITests.swift */,
				C3A4DA9B2BEAC2330010FD6D /* SwiftDataDBUITestsLaunchTests.swift */,
			);
			path = SwiftDataDBUITests;
			sourceTree = "<group>";
		};
		C3A4DAB92BEE0B6B0010FD6D /* Frameworks */ = {
			isa = PBXGroup;
			children = (
			);
			name = Frameworks;
			sourceTree = "<group>";
		};
		C3A4DAC92BEE77230010FD6D /* RealmDB */ = {
			isa = PBXGroup;
			children = (
				C3A4DACA2BEE77230010FD6D /* RealmDBApp.swift */,
				C3A4DACE2BEE77250010FD6D /* Assets.xcassets */,
				C3A4DAD02BEE77250010FD6D /* Preview Content */,
			);
			path = RealmDB;
			sourceTree = "<group>";
		};
		C3A4DAD02BEE77250010FD6D /* Preview Content */ = {
			isa = PBXGroup;
			children = (
				C3A4DAD12BEE77250010FD6D /* Preview Assets.xcassets */,
			);
			path = "Preview Content";
			sourceTree = "<group>";
		};
		C3A4DADA2BEE77260010FD6D /* RealmDBTests */ = {
			isa = PBXGroup;
			children = (
				C3A4DADB2BEE77260010FD6D /* RealmDBTests.swift */,
			);
			path = RealmDBTests;
			sourceTree = "<group>";
		};
		C3A4DAE42BEE77260010FD6D /* RealmDBUITests */ = {
			isa = PBXGroup;
			children = (
				C3A4DAE52BEE77260010FD6D /* RealmDBUITests.swift */,
				C3A4DAE72BEE77260010FD6D /* RealmDBUITestsLaunchTests.swift */,
			);
			path = RealmDBUITests;
			sourceTree = "<group>";
		};
/* End PBXGroup section */

/* Begin PBXNativeTarget section */
		C3630D512C076A4C0010EE86 /* CoreStoreDB */ = {
			isa = PBXNativeTarget;
			buildConfigurationList = C3630D5F2C076A4E0010EE86 /* Build configuration list for PBXNativeTarget "CoreStoreDB" */;
			buildPhases = (
				C3630D4E2C076A4C0010EE86 /* Sources */,
				C3630D4F2C076A4C0010EE86 /* Frameworks */,
				C3630D502C076A4C0010EE86 /* Resources */,
			);
			buildRules = (
			);
			dependencies = (
			);
			name = CoreStoreDB;
			packageProductDependencies = (
				C3630D792C07BAA70010EE86 /* CoreStore */,
				C3630D7B2C08703C0010EE86 /* Core */,
			);
			productName = CoreStore;
			productReference = C3630D522C076A4C0010EE86 /* CoreStoreDB.app */;
			productType = "com.apple.product-type.application";
		};
		C3630D922C0926650010EE86 /* PerformanceAllDb */ = {
			isa = PBXNativeTarget;
			buildConfigurationList = C3630DA02C0926670010EE86 /* Build configuration list for PBXNativeTarget "PerformanceAllDb" */;
			buildPhases = (
				C3630D8F2C0926650010EE86 /* Sources */,
				C3630D902C0926650010EE86 /* Frameworks */,
				C3630D912C0926650010EE86 /* Resources */,
			);
			buildRules = (
			);
			dependencies = (
			);
			name = PerformanceAllDb;
			packageProductDependencies = (
				C3630DA12C09279B0010EE86 /* Core */,
				C3630DA32C09279B0010EE86 /* Fluent */,
				C3630DA52C09279B0010EE86 /* RealmDBModule */,
				C3630DA72C09279B0010EE86 /* SwiftDataModule */,
			);
			productName = PerformanceAllDb;
			productReference = C3630D932C0926650010EE86 /* PerformanceAllDb.app */;
			productType = "com.apple.product-type.application";
		};
		C387230F2B75488200B66242 /* FluentDB */ = {
			isa = PBXNativeTarget;
			buildConfigurationList = C38723342B75488500B66242 /* Build configuration list for PBXNativeTarget "FluentDB" */;
			buildPhases = (
				C387230C2B75488200B66242 /* Sources */,
				C387230D2B75488200B66242 /* Frameworks */,
				C387230E2B75488200B66242 /* Resources */,
			);
			buildRules = (
			);
			dependencies = (
			);
			name = FluentDB;
			packageProductDependencies = (
				C387233E2B75495E00B66242 /* FluentSQLiteDriver */,
				C3A4DABA2BEE0B6B0010FD6D /* Core */,
				C3630D842C091B6E0010EE86 /* Fluent */,
			);
			productName = FluentDB;
			productReference = C38723102B75488300B66242 /* FluentDB.app */;
			productType = "com.apple.product-type.application";
		};
		C387231F2B75488500B66242 /* FluentDBTests */ = {
			isa = PBXNativeTarget;
			buildConfigurationList = C38723372B75488500B66242 /* Build configuration list for PBXNativeTarget "FluentDBTests" */;
			buildPhases = (
				C387231C2B75488500B66242 /* Sources */,
				C387231D2B75488500B66242 /* Frameworks */,
				C387231E2B75488500B66242 /* Resources */,
			);
			buildRules = (
			);
			dependencies = (
				C38723222B75488500B66242 /* PBXTargetDependency */,
			);
			name = FluentDBTests;
			productName = FluentDBTests;
			productReference = C38723202B75488500B66242 /* FluentDBTests.xctest */;
			productType = "com.apple.product-type.bundle.unit-test";
		};
		C38723292B75488500B66242 /* FluentDBUITests */ = {
			isa = PBXNativeTarget;
			buildConfigurationList = C387233A2B75488500B66242 /* Build configuration list for PBXNativeTarget "FluentDBUITests" */;
			buildPhases = (
				C38723262B75488500B66242 /* Sources */,
				C38723272B75488500B66242 /* Frameworks */,
				C38723282B75488500B66242 /* Resources */,
			);
			buildRules = (
			);
			dependencies = (
				C387232C2B75488500B66242 /* PBXTargetDependency */,
			);
			name = FluentDBUITests;
			productName = FluentDBUITests;
			productReference = C387232A2B75488500B66242 /* FluentDBUITests.xctest */;
			productType = "com.apple.product-type.bundle.ui-testing";
		};
		C3A4DA7B2BEAC2310010FD6D /* SwiftDataDB */ = {
			isa = PBXNativeTarget;
			buildConfigurationList = C3A4DAA32BEAC2330010FD6D /* Build configuration list for PBXNativeTarget "SwiftDataDB" */;
			buildPhases = (
				C3A4DA782BEAC2310010FD6D /* Sources */,
				C3A4DA792BEAC2310010FD6D /* Frameworks */,
				C3A4DA7A2BEAC2310010FD6D /* Resources */,
			);
			buildRules = (
			);
			dependencies = (
			);
			name = SwiftDataDB;
			packageProductDependencies = (
				C3A4DAC22BEE1B5E0010FD6D /* Core */,
				C3630D8D2C0923F60010EE86 /* SwiftDataModule */,
			);
			productName = SwiftDataDB;
			productReference = C3A4DA7C2BEAC2320010FD6D /* SwiftDataDB.app */;
			productType = "com.apple.product-type.application";
		};
		C3A4DA8A2BEAC2330010FD6D /* SwiftDataDBTests */ = {
			isa = PBXNativeTarget;
			buildConfigurationList = C3A4DAA42BEAC2330010FD6D /* Build configuration list for PBXNativeTarget "SwiftDataDBTests" */;
			buildPhases = (
				C3A4DA872BEAC2330010FD6D /* Sources */,
				C3A4DA882BEAC2330010FD6D /* Frameworks */,
				C3A4DA892BEAC2330010FD6D /* Resources */,
			);
			buildRules = (
			);
			dependencies = (
				C3A4DA8D2BEAC2330010FD6D /* PBXTargetDependency */,
			);
			name = SwiftDataDBTests;
			productName = SwiftDataDBTests;
			productReference = C3A4DA8B2BEAC2330010FD6D /* SwiftDataDBTests.xctest */;
			productType = "com.apple.product-type.bundle.unit-test";
		};
		C3A4DA942BEAC2330010FD6D /* SwiftDataDBUITests */ = {
			isa = PBXNativeTarget;
			buildConfigurationList = C3A4DAA52BEAC2330010FD6D /* Build configuration list for PBXNativeTarget "SwiftDataDBUITests" */;
			buildPhases = (
				C3A4DA912BEAC2330010FD6D /* Sources */,
				C3A4DA922BEAC2330010FD6D /* Frameworks */,
				C3A4DA932BEAC2330010FD6D /* Resources */,
			);
			buildRules = (
			);
			dependencies = (
				C3A4DA972BEAC2330010FD6D /* PBXTargetDependency */,
			);
			name = SwiftDataDBUITests;
			productName = SwiftDataDBUITests;
			productReference = C3A4DA952BEAC2330010FD6D /* SwiftDataDBUITests.xctest */;
			productType = "com.apple.product-type.bundle.ui-testing";
		};
		C3A4DAC72BEE77230010FD6D /* RealmDB */ = {
			isa = PBXNativeTarget;
			buildConfigurationList = C3A4DAEF2BEE77260010FD6D /* Build configuration list for PBXNativeTarget "RealmDB" */;
			buildPhases = (
				C3A4DAC42BEE77230010FD6D /* Sources */,
				C3A4DAC52BEE77230010FD6D /* Frameworks */,
				C3A4DAC62BEE77230010FD6D /* Resources */,
				C3A4DB052BEEC0BB0010FD6D /* Embed Frameworks */,
			);
			buildRules = (
			);
			dependencies = (
			);
			name = RealmDB;
			packageProductDependencies = (
				C3A4DB002BEE78840010FD6D /* RealmSwift */,
				C3A4DB022BEEA8ED0010FD6D /* Core */,
				C3630D8A2C0920810010EE86 /* RealmDBModule */,
			);
			productName = RealmDB;
			productReference = C3A4DAC82BEE77230010FD6D /* RealmDB.app */;
			productType = "com.apple.product-type.application";
		};
		C3A4DAD62BEE77260010FD6D /* RealmDBTests */ = {
			isa = PBXNativeTarget;
			buildConfigurationList = C3A4DAF02BEE77260010FD6D /* Build configuration list for PBXNativeTarget "RealmDBTests" */;
			buildPhases = (
				C3A4DAD32BEE77260010FD6D /* Sources */,
				C3A4DAD42BEE77260010FD6D /* Frameworks */,
				C3A4DAD52BEE77260010FD6D /* Resources */,
			);
			buildRules = (
			);
			dependencies = (
				C3A4DAD92BEE77260010FD6D /* PBXTargetDependency */,
			);
			name = RealmDBTests;
			productName = RealmDBTests;
			productReference = C3A4DAD72BEE77260010FD6D /* RealmDBTests.xctest */;
			productType = "com.apple.product-type.bundle.unit-test";
		};
		C3A4DAE02BEE77260010FD6D /* RealmDBUITests */ = {
			isa = PBXNativeTarget;
			buildConfigurationList = C3A4DAF12BEE77260010FD6D /* Build configuration list for PBXNativeTarget "RealmDBUITests" */;
			buildPhases = (
				C3A4DADD2BEE77260010FD6D /* Sources */,
				C3A4DADE2BEE77260010FD6D /* Frameworks */,
				C3A4DADF2BEE77260010FD6D /* Resources */,
			);
			buildRules = (
			);
			dependencies = (
				C3A4DAE32BEE77260010FD6D /* PBXTargetDependency */,
			);
			name = RealmDBUITests;
			productName = RealmDBUITests;
			productReference = C3A4DAE12BEE77260010FD6D /* RealmDBUITests.xctest */;
			productType = "com.apple.product-type.bundle.ui-testing";
		};
/* End PBXNativeTarget section */

/* Begin PBXProject section */
		C38723082B75488200B66242 /* Project object */ = {
			isa = PBXProject;
			attributes = {
				BuildIndependentTargetsInParallel = 1;
				LastSwiftUpdateCheck = 1540;
				LastUpgradeCheck = 1520;
				TargetAttributes = {
					C3630D512C076A4C0010EE86 = {
						CreatedOnToolsVersion = 15.4;
					};
					C3630D922C0926650010EE86 = {
						CreatedOnToolsVersion = 15.4;
					};
					C387230F2B75488200B66242 = {
						CreatedOnToolsVersion = 15.2;
					};
					C387231F2B75488500B66242 = {
						CreatedOnToolsVersion = 15.2;
						TestTargetID = C387230F2B75488200B66242;
					};
					C38723292B75488500B66242 = {
						CreatedOnToolsVersion = 15.2;
						TestTargetID = C387230F2B75488200B66242;
					};
					C3A4DA7B2BEAC2310010FD6D = {
						CreatedOnToolsVersion = 15.3;
					};
					C3A4DA8A2BEAC2330010FD6D = {
						CreatedOnToolsVersion = 15.3;
						TestTargetID = C3A4DA7B2BEAC2310010FD6D;
					};
					C3A4DA942BEAC2330010FD6D = {
						CreatedOnToolsVersion = 15.3;
						TestTargetID = C3A4DA7B2BEAC2310010FD6D;
					};
					C3A4DAC72BEE77230010FD6D = {
						CreatedOnToolsVersion = 15.3;
					};
					C3A4DAD62BEE77260010FD6D = {
						CreatedOnToolsVersion = 15.3;
						TestTargetID = C3A4DAC72BEE77230010FD6D;
					};
					C3A4DAE02BEE77260010FD6D = {
						CreatedOnToolsVersion = 15.3;
						TestTargetID = C3A4DAC72BEE77230010FD6D;
					};
				};
			};
			buildConfigurationList = C387230B2B75488200B66242 /* Build configuration list for PBXProject "DBiOS" */;
			compatibilityVersion = "Xcode 14.0";
			developmentRegion = en;
			hasScannedForEncodings = 0;
			knownRegions = (
				en,
				Base,
			);
			mainGroup = C38723072B75488200B66242;
			packageReferences = (
				C387233D2B75495E00B66242 /* XCRemoteSwiftPackageReference "fluent-sqlite-driver" */,
				C3A4DAB82BEE0AE90010FD6D /* XCLocalSwiftPackageReference "Core" */,
				C3A4DAFD2BEE78840010FD6D /* XCRemoteSwiftPackageReference "realm-swift" */,
				C3630D782C07BAA70010EE86 /* XCRemoteSwiftPackageReference "CoreStore" */,
				C3630D832C091B6E0010EE86 /* XCLocalSwiftPackageReference "Modules/Fluent" */,
				C3630D892C0920810010EE86 /* XCLocalSwiftPackageReference "Modules/RealmDBModule" */,
				C3630D8C2C0923F60010EE86 /* XCLocalSwiftPackageReference "Modules/SwiftDataModule" */,
			);
			productRefGroup = C38723112B75488300B66242 /* Products */;
			projectDirPath = "";
			projectRoot = "";
			targets = (
				C387230F2B75488200B66242 /* FluentDB */,
				C387231F2B75488500B66242 /* FluentDBTests */,
				C38723292B75488500B66242 /* FluentDBUITests */,
				C3A4DA7B2BEAC2310010FD6D /* SwiftDataDB */,
				C3A4DA8A2BEAC2330010FD6D /* SwiftDataDBTests */,
				C3A4DA942BEAC2330010FD6D /* SwiftDataDBUITests */,
				C3A4DAC72BEE77230010FD6D /* RealmDB */,
				C3A4DAD62BEE77260010FD6D /* RealmDBTests */,
				C3A4DAE02BEE77260010FD6D /* RealmDBUITests */,
				C3630D512C076A4C0010EE86 /* CoreStoreDB */,
				C3630D922C0926650010EE86 /* PerformanceAllDb */,
			);
		};
/* End PBXProject section */

/* Begin PBXResourcesBuildPhase section */
		C3630D502C076A4C0010EE86 /* Resources */ = {
			isa = PBXResourcesBuildPhase;
			buildActionMask = 2147483647;
			files = (
				C3630D5C2C076A4E0010EE86 /* Preview Assets.xcassets in Resources */,
				C3630D592C076A4E0010EE86 /* Assets.xcassets in Resources */,
			);
			runOnlyForDeploymentPostprocessing = 0;
		};
		C3630D912C0926650010EE86 /* Resources */ = {
			isa = PBXResourcesBuildPhase;
			buildActionMask = 2147483647;
			files = (
				C3630D9D2C0926670010EE86 /* Preview Assets.xcassets in Resources */,
				C3630D9A2C0926670010EE86 /* Assets.xcassets in Resources */,
			);
			runOnlyForDeploymentPostprocessing = 0;
		};
		C387230E2B75488200B66242 /* Resources */ = {
			isa = PBXResourcesBuildPhase;
			buildActionMask = 2147483647;
			files = (
				C387231B2B75488500B66242 /* Preview Assets.xcassets in Resources */,
				C38723182B75488500B66242 /* Assets.xcassets in Resources */,
			);
			runOnlyForDeploymentPostprocessing = 0;
		};
		C387231E2B75488500B66242 /* Resources */ = {
			isa = PBXResourcesBuildPhase;
			buildActionMask = 2147483647;
			files = (
			);
			runOnlyForDeploymentPostprocessing = 0;
		};
		C38723282B75488500B66242 /* Resources */ = {
			isa = PBXResourcesBuildPhase;
			buildActionMask = 2147483647;
			files = (
			);
			runOnlyForDeploymentPostprocessing = 0;
		};
		C3A4DA7A2BEAC2310010FD6D /* Resources */ = {
			isa = PBXResourcesBuildPhase;
			buildActionMask = 2147483647;
			files = (
				C3A4DA862BEAC2330010FD6D /* Preview Assets.xcassets in Resources */,
				C3A4DA832BEAC2330010FD6D /* Assets.xcassets in Resources */,
			);
			runOnlyForDeploymentPostprocessing = 0;
		};
		C3A4DA892BEAC2330010FD6D /* Resources */ = {
			isa = PBXResourcesBuildPhase;
			buildActionMask = 2147483647;
			files = (
			);
			runOnlyForDeploymentPostprocessing = 0;
		};
		C3A4DA932BEAC2330010FD6D /* Resources */ = {
			isa = PBXResourcesBuildPhase;
			buildActionMask = 2147483647;
			files = (
			);
			runOnlyForDeploymentPostprocessing = 0;
		};
		C3A4DAC62BEE77230010FD6D /* Resources */ = {
			isa = PBXResourcesBuildPhase;
			buildActionMask = 2147483647;
			files = (
				C3A4DAD22BEE77250010FD6D /* Preview Assets.xcassets in Resources */,
				C3A4DACF2BEE77250010FD6D /* Assets.xcassets in Resources */,
			);
			runOnlyForDeploymentPostprocessing = 0;
		};
		C3A4DAD52BEE77260010FD6D /* Resources */ = {
			isa = PBXResourcesBuildPhase;
			buildActionMask = 2147483647;
			files = (
			);
			runOnlyForDeploymentPostprocessing = 0;
		};
		C3A4DADF2BEE77260010FD6D /* Resources */ = {
			isa = PBXResourcesBuildPhase;
			buildActionMask = 2147483647;
			files = (
			);
			runOnlyForDeploymentPostprocessing = 0;
		};
/* End PBXResourcesBuildPhase section */

/* Begin PBXSourcesBuildPhase section */
		C3630D4E2C076A4C0010EE86 /* Sources */ = {
			isa = PBXSourcesBuildPhase;
			buildActionMask = 2147483647;
			files = (
				C3630D722C076B6C0010EE86 /* CoreStoreDatabaseQuery.swift in Sources */,
				C3630D702C076B460010EE86 /* DatabaseManager.swift in Sources */,
				C3630D742C076B810010EE86 /* TodoEntity.swift in Sources */,
				C3630D762C076B910010EE86 /* TodoGroupEntity.swift in Sources */,
				C3630D552C076A4C0010EE86 /* CoreStoreDBApp.swift in Sources */,
			);
			runOnlyForDeploymentPostprocessing = 0;
		};
		C3630D8F2C0926650010EE86 /* Sources */ = {
			isa = PBXSourcesBuildPhase;
			buildActionMask = 2147483647;
			files = (
				C3630D982C0926650010EE86 /* ContentView.swift in Sources */,
				C3630D962C0926650010EE86 /* PerformanceAllDbApp.swift in Sources */,
			);
			runOnlyForDeploymentPostprocessing = 0;
		};
		C387230C2B75488200B66242 /* Sources */ = {
			isa = PBXSourcesBuildPhase;
			buildActionMask = 2147483647;
			files = (
				C38723142B75488300B66242 /* FluentDBApp.swift in Sources */,
			);
			runOnlyForDeploymentPostprocessing = 0;
		};
		C387231C2B75488500B66242 /* Sources */ = {
			isa = PBXSourcesBuildPhase;
			buildActionMask = 2147483647;
			files = (
				C38723252B75488500B66242 /* FluentDBTests.swift in Sources */,
			);
			runOnlyForDeploymentPostprocessing = 0;
		};
		C38723262B75488500B66242 /* Sources */ = {
			isa = PBXSourcesBuildPhase;
			buildActionMask = 2147483647;
			files = (
				C38723312B75488500B66242 /* FluentDBUITestsLaunchTests.swift in Sources */,
				C387232F2B75488500B66242 /* FluentDBUITests.swift in Sources */,
			);
			runOnlyForDeploymentPostprocessing = 0;
		};
		C3A4DA782BEAC2310010FD6D /* Sources */ = {
			isa = PBXSourcesBuildPhase;
			buildActionMask = 2147483647;
			files = (
				C3A4DA7F2BEAC2320010FD6D /* SwiftDataDBApp.swift in Sources */,
			);
			runOnlyForDeploymentPostprocessing = 0;
		};
		C3A4DA872BEAC2330010FD6D /* Sources */ = {
			isa = PBXSourcesBuildPhase;
			buildActionMask = 2147483647;
			files = (
				C3A4DA902BEAC2330010FD6D /* SwiftDataDBTests.swift in Sources */,
			);
			runOnlyForDeploymentPostprocessing = 0;
		};
		C3A4DA912BEAC2330010FD6D /* Sources */ = {
			isa = PBXSourcesBuildPhase;
			buildActionMask = 2147483647;
			files = (
				C3A4DA9C2BEAC2330010FD6D /* SwiftDataDBUITestsLaunchTests.swift in Sources */,
				C3A4DA9A2BEAC2330010FD6D /* SwiftDataDBUITests.swift in Sources */,
			);
			runOnlyForDeploymentPostprocessing = 0;
		};
		C3A4DAC42BEE77230010FD6D /* Sources */ = {
			isa = PBXSourcesBuildPhase;
			buildActionMask = 2147483647;
			files = (
				C3A4DACB2BEE77230010FD6D /* RealmDBApp.swift in Sources */,
			);
			runOnlyForDeploymentPostprocessing = 0;
		};
		C3A4DAD32BEE77260010FD6D /* Sources */ = {
			isa = PBXSourcesBuildPhase;
			buildActionMask = 2147483647;
			files = (
				C3A4DADC2BEE77260010FD6D /* RealmDBTests.swift in Sources */,
			);
			runOnlyForDeploymentPostprocessing = 0;
		};
		C3A4DADD2BEE77260010FD6D /* Sources */ = {
			isa = PBXSourcesBuildPhase;
			buildActionMask = 2147483647;
			files = (
				C3A4DAE82BEE77260010FD6D /* RealmDBUITestsLaunchTests.swift in Sources */,
				C3A4DAE62BEE77260010FD6D /* RealmDBUITests.swift in Sources */,
			);
			runOnlyForDeploymentPostprocessing = 0;
		};
/* End PBXSourcesBuildPhase section */

/* Begin PBXTargetDependency section */
		C38723222B75488500B66242 /* PBXTargetDependency */ = {
			isa = PBXTargetDependency;
			target = C387230F2B75488200B66242 /* FluentDB */;
			targetProxy = C38723212B75488500B66242 /* PBXContainerItemProxy */;
		};
		C387232C2B75488500B66242 /* PBXTargetDependency */ = {
			isa = PBXTargetDependency;
			target = C387230F2B75488200B66242 /* FluentDB */;
			targetProxy = C387232B2B75488500B66242 /* PBXContainerItemProxy */;
		};
		C3A4DA8D2BEAC2330010FD6D /* PBXTargetDependency */ = {
			isa = PBXTargetDependency;
			target = C3A4DA7B2BEAC2310010FD6D /* SwiftDataDB */;
			targetProxy = C3A4DA8C2BEAC2330010FD6D /* PBXContainerItemProxy */;
		};
		C3A4DA972BEAC2330010FD6D /* PBXTargetDependency */ = {
			isa = PBXTargetDependency;
			target = C3A4DA7B2BEAC2310010FD6D /* SwiftDataDB */;
			targetProxy = C3A4DA962BEAC2330010FD6D /* PBXContainerItemProxy */;
		};
		C3A4DAD92BEE77260010FD6D /* PBXTargetDependency */ = {
			isa = PBXTargetDependency;
			target = C3A4DAC72BEE77230010FD6D /* RealmDB */;
			targetProxy = C3A4DAD82BEE77260010FD6D /* PBXContainerItemProxy */;
		};
		C3A4DAE32BEE77260010FD6D /* PBXTargetDependency */ = {
			isa = PBXTargetDependency;
			target = C3A4DAC72BEE77230010FD6D /* RealmDB */;
			targetProxy = C3A4DAE22BEE77260010FD6D /* PBXContainerItemProxy */;
		};
/* End PBXTargetDependency section */

/* Begin XCBuildConfiguration section */
		C3630D5D2C076A4E0010EE86 /* Debug */ = {
			isa = XCBuildConfiguration;
			buildSettings = {
				ASSETCATALOG_COMPILER_APPICON_NAME = AppIcon;
				ASSETCATALOG_COMPILER_GLOBAL_ACCENT_COLOR_NAME = AccentColor;
				CODE_SIGN_STYLE = Automatic;
				CURRENT_PROJECT_VERSION = 1;
				DEVELOPMENT_ASSET_PATHS = "\"CoreStoreDB/Preview Content\"";
				ENABLE_PREVIEWS = YES;
				GENERATE_INFOPLIST_FILE = YES;
				INFOPLIST_KEY_UIApplicationSceneManifest_Generation = YES;
				INFOPLIST_KEY_UIApplicationSupportsIndirectInputEvents = YES;
				INFOPLIST_KEY_UILaunchScreen_Generation = YES;
				INFOPLIST_KEY_UISupportedInterfaceOrientations_iPad = "UIInterfaceOrientationPortrait UIInterfaceOrientationPortraitUpsideDown UIInterfaceOrientationLandscapeLeft UIInterfaceOrientationLandscapeRight";
				INFOPLIST_KEY_UISupportedInterfaceOrientations_iPhone = "UIInterfaceOrientationPortrait UIInterfaceOrientationLandscapeLeft UIInterfaceOrientationLandscapeRight";
				IPHONEOS_DEPLOYMENT_TARGET = 17.5;
				LD_RUNPATH_SEARCH_PATHS = (
					"$(inherited)",
					"@executable_path/Frameworks",
				);
				MARKETING_VERSION = 1.0;
				PRODUCT_BUNDLE_IDENTIFIER = ByteriX.CoreStore;
				PRODUCT_NAME = "$(TARGET_NAME)";
				SWIFT_EMIT_LOC_STRINGS = YES;
				SWIFT_VERSION = 5.0;
				TARGETED_DEVICE_FAMILY = "1,2";
			};
			name = Debug;
		};
		C3630D5E2C076A4E0010EE86 /* Release */ = {
			isa = XCBuildConfiguration;
			buildSettings = {
				ASSETCATALOG_COMPILER_APPICON_NAME = AppIcon;
				ASSETCATALOG_COMPILER_GLOBAL_ACCENT_COLOR_NAME = AccentColor;
				CODE_SIGN_STYLE = Automatic;
				CURRENT_PROJECT_VERSION = 1;
				DEVELOPMENT_ASSET_PATHS = "\"CoreStoreDB/Preview Content\"";
				ENABLE_PREVIEWS = YES;
				GENERATE_INFOPLIST_FILE = YES;
				INFOPLIST_KEY_UIApplicationSceneManifest_Generation = YES;
				INFOPLIST_KEY_UIApplicationSupportsIndirectInputEvents = YES;
				INFOPLIST_KEY_UILaunchScreen_Generation = YES;
				INFOPLIST_KEY_UISupportedInterfaceOrientations_iPad = "UIInterfaceOrientationPortrait UIInterfaceOrientationPortraitUpsideDown UIInterfaceOrientationLandscapeLeft UIInterfaceOrientationLandscapeRight";
				INFOPLIST_KEY_UISupportedInterfaceOrientations_iPhone = "UIInterfaceOrientationPortrait UIInterfaceOrientationLandscapeLeft UIInterfaceOrientationLandscapeRight";
				IPHONEOS_DEPLOYMENT_TARGET = 17.5;
				LD_RUNPATH_SEARCH_PATHS = (
					"$(inherited)",
					"@executable_path/Frameworks",
				);
				MARKETING_VERSION = 1.0;
				PRODUCT_BUNDLE_IDENTIFIER = ByteriX.CoreStore;
				PRODUCT_NAME = "$(TARGET_NAME)";
				SWIFT_EMIT_LOC_STRINGS = YES;
				SWIFT_VERSION = 5.0;
				TARGETED_DEVICE_FAMILY = "1,2";
			};
			name = Release;
		};
		C3630D9E2C0926670010EE86 /* Debug */ = {
			isa = XCBuildConfiguration;
			buildSettings = {
				ASSETCATALOG_COMPILER_APPICON_NAME = AppIcon;
				ASSETCATALOG_COMPILER_GLOBAL_ACCENT_COLOR_NAME = AccentColor;
				CODE_SIGN_STYLE = Automatic;
				CURRENT_PROJECT_VERSION = 1;
				DEVELOPMENT_ASSET_PATHS = "\"PerformanceAllDb/Preview Content\"";
				ENABLE_PREVIEWS = YES;
				GENERATE_INFOPLIST_FILE = YES;
				INFOPLIST_KEY_UIApplicationSceneManifest_Generation = YES;
				INFOPLIST_KEY_UIApplicationSupportsIndirectInputEvents = YES;
				INFOPLIST_KEY_UILaunchScreen_Generation = YES;
				INFOPLIST_KEY_UISupportedInterfaceOrientations_iPad = "UIInterfaceOrientationPortrait UIInterfaceOrientationPortraitUpsideDown UIInterfaceOrientationLandscapeLeft UIInterfaceOrientationLandscapeRight";
				INFOPLIST_KEY_UISupportedInterfaceOrientations_iPhone = "UIInterfaceOrientationPortrait UIInterfaceOrientationLandscapeLeft UIInterfaceOrientationLandscapeRight";
				IPHONEOS_DEPLOYMENT_TARGET = 17.5;
				LD_RUNPATH_SEARCH_PATHS = (
					"$(inherited)",
					"@executable_path/Frameworks",
				);
				MARKETING_VERSION = 1.0;
				PRODUCT_BUNDLE_IDENTIFIER = ByteriX.PerformanceAllDb;
				PRODUCT_NAME = "$(TARGET_NAME)";
				SWIFT_EMIT_LOC_STRINGS = YES;
				SWIFT_VERSION = 5.0;
				TARGETED_DEVICE_FAMILY = "1,2";
			};
			name = Debug;
		};
		C3630D9F2C0926670010EE86 /* Release */ = {
			isa = XCBuildConfiguration;
			buildSettings = {
				ASSETCATALOG_COMPILER_APPICON_NAME = AppIcon;
				ASSETCATALOG_COMPILER_GLOBAL_ACCENT_COLOR_NAME = AccentColor;
				CODE_SIGN_STYLE = Automatic;
				CURRENT_PROJECT_VERSION = 1;
				DEVELOPMENT_ASSET_PATHS = "\"PerformanceAllDb/Preview Content\"";
				ENABLE_PREVIEWS = YES;
				GENERATE_INFOPLIST_FILE = YES;
				INFOPLIST_KEY_UIApplicationSceneManifest_Generation = YES;
				INFOPLIST_KEY_UIApplicationSupportsIndirectInputEvents = YES;
				INFOPLIST_KEY_UILaunchScreen_Generation = YES;
				INFOPLIST_KEY_UISupportedInterfaceOrientations_iPad = "UIInterfaceOrientationPortrait UIInterfaceOrientationPortraitUpsideDown UIInterfaceOrientationLandscapeLeft UIInterfaceOrientationLandscapeRight";
				INFOPLIST_KEY_UISupportedInterfaceOrientations_iPhone = "UIInterfaceOrientationPortrait UIInterfaceOrientationLandscapeLeft UIInterfaceOrientationLandscapeRight";
				IPHONEOS_DEPLOYMENT_TARGET = 17.5;
				LD_RUNPATH_SEARCH_PATHS = (
					"$(inherited)",
					"@executable_path/Frameworks",
				);
				MARKETING_VERSION = 1.0;
				PRODUCT_BUNDLE_IDENTIFIER = ByteriX.PerformanceAllDb;
				PRODUCT_NAME = "$(TARGET_NAME)";
				SWIFT_EMIT_LOC_STRINGS = YES;
				SWIFT_VERSION = 5.0;
				TARGETED_DEVICE_FAMILY = "1,2";
			};
			name = Release;
		};
		C38723322B75488500B66242 /* Debug */ = {
			isa = XCBuildConfiguration;
			buildSettings = {
				ALWAYS_SEARCH_USER_PATHS = NO;
				ASSETCATALOG_COMPILER_GENERATE_SWIFT_ASSET_SYMBOL_EXTENSIONS = YES;
				CLANG_ANALYZER_NONNULL = YES;
				CLANG_ANALYZER_NUMBER_OBJECT_CONVERSION = YES_AGGRESSIVE;
				CLANG_CXX_LANGUAGE_STANDARD = "gnu++20";
				CLANG_ENABLE_MODULES = YES;
				CLANG_ENABLE_OBJC_ARC = YES;
				CLANG_ENABLE_OBJC_WEAK = YES;
				CLANG_WARN_BLOCK_CAPTURE_AUTORELEASING = YES;
				CLANG_WARN_BOOL_CONVERSION = YES;
				CLANG_WARN_COMMA = YES;
				CLANG_WARN_CONSTANT_CONVERSION = YES;
				CLANG_WARN_DEPRECATED_OBJC_IMPLEMENTATIONS = YES;
				CLANG_WARN_DIRECT_OBJC_ISA_USAGE = YES_ERROR;
				CLANG_WARN_DOCUMENTATION_COMMENTS = YES;
				CLANG_WARN_EMPTY_BODY = YES;
				CLANG_WARN_ENUM_CONVERSION = YES;
				CLANG_WARN_INFINITE_RECURSION = YES;
				CLANG_WARN_INT_CONVERSION = YES;
				CLANG_WARN_NON_LITERAL_NULL_CONVERSION = YES;
				CLANG_WARN_OBJC_IMPLICIT_RETAIN_SELF = YES;
				CLANG_WARN_OBJC_LITERAL_CONVERSION = YES;
				CLANG_WARN_OBJC_ROOT_CLASS = YES_ERROR;
				CLANG_WARN_QUOTED_INCLUDE_IN_FRAMEWORK_HEADER = YES;
				CLANG_WARN_RANGE_LOOP_ANALYSIS = YES;
				CLANG_WARN_STRICT_PROTOTYPES = YES;
				CLANG_WARN_SUSPICIOUS_MOVE = YES;
				CLANG_WARN_UNGUARDED_AVAILABILITY = YES_AGGRESSIVE;
				CLANG_WARN_UNREACHABLE_CODE = YES;
				CLANG_WARN__DUPLICATE_METHOD_MATCH = YES;
				COPY_PHASE_STRIP = NO;
				DEBUG_INFORMATION_FORMAT = dwarf;
				ENABLE_STRICT_OBJC_MSGSEND = YES;
				ENABLE_TESTABILITY = YES;
				ENABLE_USER_SCRIPT_SANDBOXING = YES;
				GCC_C_LANGUAGE_STANDARD = gnu17;
				GCC_DYNAMIC_NO_PIC = NO;
				GCC_NO_COMMON_BLOCKS = YES;
				GCC_OPTIMIZATION_LEVEL = 0;
				GCC_PREPROCESSOR_DEFINITIONS = (
					"DEBUG=1",
					"$(inherited)",
				);
				GCC_WARN_64_TO_32_BIT_CONVERSION = YES;
				GCC_WARN_ABOUT_RETURN_TYPE = YES_ERROR;
				GCC_WARN_UNDECLARED_SELECTOR = YES;
				GCC_WARN_UNINITIALIZED_AUTOS = YES_AGGRESSIVE;
				GCC_WARN_UNUSED_FUNCTION = YES;
				GCC_WARN_UNUSED_VARIABLE = YES;
				IPHONEOS_DEPLOYMENT_TARGET = 17.2;
				LOCALIZATION_PREFERS_STRING_CATALOGS = YES;
				MTL_ENABLE_DEBUG_INFO = INCLUDE_SOURCE;
				MTL_FAST_MATH = YES;
				ONLY_ACTIVE_ARCH = YES;
				SDKROOT = iphoneos;
				SWIFT_ACTIVE_COMPILATION_CONDITIONS = "DEBUG $(inherited)";
				SWIFT_OPTIMIZATION_LEVEL = "-Onone";
			};
			name = Debug;
		};
		C38723332B75488500B66242 /* Release */ = {
			isa = XCBuildConfiguration;
			buildSettings = {
				ALWAYS_SEARCH_USER_PATHS = NO;
				ASSETCATALOG_COMPILER_GENERATE_SWIFT_ASSET_SYMBOL_EXTENSIONS = YES;
				CLANG_ANALYZER_NONNULL = YES;
				CLANG_ANALYZER_NUMBER_OBJECT_CONVERSION = YES_AGGRESSIVE;
				CLANG_CXX_LANGUAGE_STANDARD = "gnu++20";
				CLANG_ENABLE_MODULES = YES;
				CLANG_ENABLE_OBJC_ARC = YES;
				CLANG_ENABLE_OBJC_WEAK = YES;
				CLANG_WARN_BLOCK_CAPTURE_AUTORELEASING = YES;
				CLANG_WARN_BOOL_CONVERSION = YES;
				CLANG_WARN_COMMA = YES;
				CLANG_WARN_CONSTANT_CONVERSION = YES;
				CLANG_WARN_DEPRECATED_OBJC_IMPLEMENTATIONS = YES;
				CLANG_WARN_DIRECT_OBJC_ISA_USAGE = YES_ERROR;
				CLANG_WARN_DOCUMENTATION_COMMENTS = YES;
				CLANG_WARN_EMPTY_BODY = YES;
				CLANG_WARN_ENUM_CONVERSION = YES;
				CLANG_WARN_INFINITE_RECURSION = YES;
				CLANG_WARN_INT_CONVERSION = YES;
				CLANG_WARN_NON_LITERAL_NULL_CONVERSION = YES;
				CLANG_WARN_OBJC_IMPLICIT_RETAIN_SELF = YES;
				CLANG_WARN_OBJC_LITERAL_CONVERSION = YES;
				CLANG_WARN_OBJC_ROOT_CLASS = YES_ERROR;
				CLANG_WARN_QUOTED_INCLUDE_IN_FRAMEWORK_HEADER = YES;
				CLANG_WARN_RANGE_LOOP_ANALYSIS = YES;
				CLANG_WARN_STRICT_PROTOTYPES = YES;
				CLANG_WARN_SUSPICIOUS_MOVE = YES;
				CLANG_WARN_UNGUARDED_AVAILABILITY = YES_AGGRESSIVE;
				CLANG_WARN_UNREACHABLE_CODE = YES;
				CLANG_WARN__DUPLICATE_METHOD_MATCH = YES;
				COPY_PHASE_STRIP = NO;
				DEBUG_INFORMATION_FORMAT = "dwarf-with-dsym";
				ENABLE_NS_ASSERTIONS = NO;
				ENABLE_STRICT_OBJC_MSGSEND = YES;
				ENABLE_USER_SCRIPT_SANDBOXING = YES;
				GCC_C_LANGUAGE_STANDARD = gnu17;
				GCC_NO_COMMON_BLOCKS = YES;
				GCC_WARN_64_TO_32_BIT_CONVERSION = YES;
				GCC_WARN_ABOUT_RETURN_TYPE = YES_ERROR;
				GCC_WARN_UNDECLARED_SELECTOR = YES;
				GCC_WARN_UNINITIALIZED_AUTOS = YES_AGGRESSIVE;
				GCC_WARN_UNUSED_FUNCTION = YES;
				GCC_WARN_UNUSED_VARIABLE = YES;
				IPHONEOS_DEPLOYMENT_TARGET = 17.2;
				LOCALIZATION_PREFERS_STRING_CATALOGS = YES;
				MTL_ENABLE_DEBUG_INFO = NO;
				MTL_FAST_MATH = YES;
				SDKROOT = iphoneos;
				SWIFT_COMPILATION_MODE = wholemodule;
				VALIDATE_PRODUCT = YES;
			};
			name = Release;
		};
		C38723352B75488500B66242 /* Debug */ = {
			isa = XCBuildConfiguration;
			buildSettings = {
				ASSETCATALOG_COMPILER_APPICON_NAME = AppIcon;
				ASSETCATALOG_COMPILER_GLOBAL_ACCENT_COLOR_NAME = AccentColor;
				CODE_SIGN_STYLE = Automatic;
				CURRENT_PROJECT_VERSION = 1;
				DEVELOPMENT_ASSET_PATHS = "\"FluentDB/Preview Content\"";
				ENABLE_PREVIEWS = YES;
				GENERATE_INFOPLIST_FILE = YES;
				INFOPLIST_KEY_UIApplicationSceneManifest_Generation = YES;
				INFOPLIST_KEY_UIApplicationSupportsIndirectInputEvents = YES;
				INFOPLIST_KEY_UILaunchScreen_Generation = YES;
				INFOPLIST_KEY_UISupportedInterfaceOrientations_iPad = "UIInterfaceOrientationPortrait UIInterfaceOrientationPortraitUpsideDown UIInterfaceOrientationLandscapeLeft UIInterfaceOrientationLandscapeRight";
				INFOPLIST_KEY_UISupportedInterfaceOrientations_iPhone = "UIInterfaceOrientationPortrait UIInterfaceOrientationLandscapeLeft UIInterfaceOrientationLandscapeRight";
				LD_RUNPATH_SEARCH_PATHS = (
					"$(inherited)",
					"@executable_path/Frameworks",
				);
				MARKETING_VERSION = 1.0;
				PRODUCT_BUNDLE_IDENTIFIER = Ozon.FluentDB;
				PRODUCT_NAME = "$(TARGET_NAME)";
				SWIFT_EMIT_LOC_STRINGS = YES;
				SWIFT_VERSION = 5.0;
				TARGETED_DEVICE_FAMILY = "1,2";
			};
			name = Debug;
		};
		C38723362B75488500B66242 /* Release */ = {
			isa = XCBuildConfiguration;
			buildSettings = {
				ASSETCATALOG_COMPILER_APPICON_NAME = AppIcon;
				ASSETCATALOG_COMPILER_GLOBAL_ACCENT_COLOR_NAME = AccentColor;
				CODE_SIGN_STYLE = Automatic;
				CURRENT_PROJECT_VERSION = 1;
				DEVELOPMENT_ASSET_PATHS = "\"FluentDB/Preview Content\"";
				ENABLE_PREVIEWS = YES;
				GENERATE_INFOPLIST_FILE = YES;
				INFOPLIST_KEY_UIApplicationSceneManifest_Generation = YES;
				INFOPLIST_KEY_UIApplicationSupportsIndirectInputEvents = YES;
				INFOPLIST_KEY_UILaunchScreen_Generation = YES;
				INFOPLIST_KEY_UISupportedInterfaceOrientations_iPad = "UIInterfaceOrientationPortrait UIInterfaceOrientationPortraitUpsideDown UIInterfaceOrientationLandscapeLeft UIInterfaceOrientationLandscapeRight";
				INFOPLIST_KEY_UISupportedInterfaceOrientations_iPhone = "UIInterfaceOrientationPortrait UIInterfaceOrientationLandscapeLeft UIInterfaceOrientationLandscapeRight";
				LD_RUNPATH_SEARCH_PATHS = (
					"$(inherited)",
					"@executable_path/Frameworks",
				);
				MARKETING_VERSION = 1.0;
				PRODUCT_BUNDLE_IDENTIFIER = Ozon.FluentDB;
				PRODUCT_NAME = "$(TARGET_NAME)";
				SWIFT_EMIT_LOC_STRINGS = YES;
				SWIFT_VERSION = 5.0;
				TARGETED_DEVICE_FAMILY = "1,2";
			};
			name = Release;
		};
		C38723382B75488500B66242 /* Debug */ = {
			isa = XCBuildConfiguration;
			buildSettings = {
				ALWAYS_EMBED_SWIFT_STANDARD_LIBRARIES = YES;
				BUNDLE_LOADER = "$(TEST_HOST)";
				CODE_SIGN_STYLE = Automatic;
				CURRENT_PROJECT_VERSION = 1;
				GENERATE_INFOPLIST_FILE = YES;
				IPHONEOS_DEPLOYMENT_TARGET = 17.2;
				MARKETING_VERSION = 1.0;
				PRODUCT_BUNDLE_IDENTIFIER = Ozon.FluentDBTests;
				PRODUCT_NAME = "$(TARGET_NAME)";
				SWIFT_EMIT_LOC_STRINGS = NO;
				SWIFT_VERSION = 5.0;
				TARGETED_DEVICE_FAMILY = "1,2";
				TEST_HOST = "$(BUILT_PRODUCTS_DIR)/FluentDB.app/$(BUNDLE_EXECUTABLE_FOLDER_PATH)/FluentDB";
			};
			name = Debug;
		};
		C38723392B75488500B66242 /* Release */ = {
			isa = XCBuildConfiguration;
			buildSettings = {
				ALWAYS_EMBED_SWIFT_STANDARD_LIBRARIES = YES;
				BUNDLE_LOADER = "$(TEST_HOST)";
				CODE_SIGN_STYLE = Automatic;
				CURRENT_PROJECT_VERSION = 1;
				GENERATE_INFOPLIST_FILE = YES;
				IPHONEOS_DEPLOYMENT_TARGET = 17.2;
				MARKETING_VERSION = 1.0;
				PRODUCT_BUNDLE_IDENTIFIER = Ozon.FluentDBTests;
				PRODUCT_NAME = "$(TARGET_NAME)";
				SWIFT_EMIT_LOC_STRINGS = NO;
				SWIFT_VERSION = 5.0;
				TARGETED_DEVICE_FAMILY = "1,2";
				TEST_HOST = "$(BUILT_PRODUCTS_DIR)/FluentDB.app/$(BUNDLE_EXECUTABLE_FOLDER_PATH)/FluentDB";
			};
			name = Release;
		};
		C387233B2B75488500B66242 /* Debug */ = {
			isa = XCBuildConfiguration;
			buildSettings = {
				ALWAYS_EMBED_SWIFT_STANDARD_LIBRARIES = YES;
				CODE_SIGN_STYLE = Automatic;
				CURRENT_PROJECT_VERSION = 1;
				GENERATE_INFOPLIST_FILE = YES;
				MARKETING_VERSION = 1.0;
				PRODUCT_BUNDLE_IDENTIFIER = Ozon.FluentDBUITests;
				PRODUCT_NAME = "$(TARGET_NAME)";
				SWIFT_EMIT_LOC_STRINGS = NO;
				SWIFT_VERSION = 5.0;
				TARGETED_DEVICE_FAMILY = "1,2";
				TEST_TARGET_NAME = FluentDB;
			};
			name = Debug;
		};
		C387233C2B75488500B66242 /* Release */ = {
			isa = XCBuildConfiguration;
			buildSettings = {
				ALWAYS_EMBED_SWIFT_STANDARD_LIBRARIES = YES;
				CODE_SIGN_STYLE = Automatic;
				CURRENT_PROJECT_VERSION = 1;
				GENERATE_INFOPLIST_FILE = YES;
				MARKETING_VERSION = 1.0;
				PRODUCT_BUNDLE_IDENTIFIER = Ozon.FluentDBUITests;
				PRODUCT_NAME = "$(TARGET_NAME)";
				SWIFT_EMIT_LOC_STRINGS = NO;
				SWIFT_VERSION = 5.0;
				TARGETED_DEVICE_FAMILY = "1,2";
				TEST_TARGET_NAME = FluentDB;
			};
			name = Release;
		};
		C3A4DA9D2BEAC2330010FD6D /* Debug */ = {
			isa = XCBuildConfiguration;
			buildSettings = {
				ASSETCATALOG_COMPILER_APPICON_NAME = AppIcon;
				ASSETCATALOG_COMPILER_GLOBAL_ACCENT_COLOR_NAME = AccentColor;
				CODE_SIGN_STYLE = Automatic;
				CURRENT_PROJECT_VERSION = 1;
				DEVELOPMENT_ASSET_PATHS = "\"SwiftDataDB/Preview Content\"";
				ENABLE_PREVIEWS = YES;
				GENERATE_INFOPLIST_FILE = YES;
				INFOPLIST_KEY_UIApplicationSceneManifest_Generation = YES;
				INFOPLIST_KEY_UIApplicationSupportsIndirectInputEvents = YES;
				INFOPLIST_KEY_UILaunchScreen_Generation = YES;
				INFOPLIST_KEY_UISupportedInterfaceOrientations_iPad = "UIInterfaceOrientationPortrait UIInterfaceOrientationPortraitUpsideDown UIInterfaceOrientationLandscapeLeft UIInterfaceOrientationLandscapeRight";
				INFOPLIST_KEY_UISupportedInterfaceOrientations_iPhone = "UIInterfaceOrientationPortrait UIInterfaceOrientationLandscapeLeft UIInterfaceOrientationLandscapeRight";
				IPHONEOS_DEPLOYMENT_TARGET = 17.2;
				LD_RUNPATH_SEARCH_PATHS = (
					"$(inherited)",
					"@executable_path/Frameworks",
				);
				MARKETING_VERSION = 1.0;
				PRODUCT_BUNDLE_IDENTIFIER = ByteriX.SwiftDataDB;
				PRODUCT_NAME = "$(TARGET_NAME)";
				SWIFT_EMIT_LOC_STRINGS = YES;
				SWIFT_VERSION = 5.0;
				TARGETED_DEVICE_FAMILY = "1,2";
			};
			name = Debug;
		};
		C3A4DA9E2BEAC2330010FD6D /* Release */ = {
			isa = XCBuildConfiguration;
			buildSettings = {
				ASSETCATALOG_COMPILER_APPICON_NAME = AppIcon;
				ASSETCATALOG_COMPILER_GLOBAL_ACCENT_COLOR_NAME = AccentColor;
				CODE_SIGN_STYLE = Automatic;
				CURRENT_PROJECT_VERSION = 1;
				DEVELOPMENT_ASSET_PATHS = "\"SwiftDataDB/Preview Content\"";
				ENABLE_PREVIEWS = YES;
				GENERATE_INFOPLIST_FILE = YES;
				INFOPLIST_KEY_UIApplicationSceneManifest_Generation = YES;
				INFOPLIST_KEY_UIApplicationSupportsIndirectInputEvents = YES;
				INFOPLIST_KEY_UILaunchScreen_Generation = YES;
				INFOPLIST_KEY_UISupportedInterfaceOrientations_iPad = "UIInterfaceOrientationPortrait UIInterfaceOrientationPortraitUpsideDown UIInterfaceOrientationLandscapeLeft UIInterfaceOrientationLandscapeRight";
				INFOPLIST_KEY_UISupportedInterfaceOrientations_iPhone = "UIInterfaceOrientationPortrait UIInterfaceOrientationLandscapeLeft UIInterfaceOrientationLandscapeRight";
				IPHONEOS_DEPLOYMENT_TARGET = 17.2;
				LD_RUNPATH_SEARCH_PATHS = (
					"$(inherited)",
					"@executable_path/Frameworks",
				);
				MARKETING_VERSION = 1.0;
				PRODUCT_BUNDLE_IDENTIFIER = ByteriX.SwiftDataDB;
				PRODUCT_NAME = "$(TARGET_NAME)";
				SWIFT_EMIT_LOC_STRINGS = YES;
				SWIFT_VERSION = 5.0;
				TARGETED_DEVICE_FAMILY = "1,2";
			};
			name = Release;
		};
		C3A4DA9F2BEAC2330010FD6D /* Debug */ = {
			isa = XCBuildConfiguration;
			buildSettings = {
				ALWAYS_EMBED_SWIFT_STANDARD_LIBRARIES = YES;
				BUNDLE_LOADER = "$(TEST_HOST)";
				CODE_SIGN_STYLE = Automatic;
				CURRENT_PROJECT_VERSION = 1;
				GENERATE_INFOPLIST_FILE = YES;
				IPHONEOS_DEPLOYMENT_TARGET = 17.4;
				MARKETING_VERSION = 1.0;
				PRODUCT_BUNDLE_IDENTIFIER = ByteriX.SwiftDataDBTests;
				PRODUCT_NAME = "$(TARGET_NAME)";
				SWIFT_EMIT_LOC_STRINGS = NO;
				SWIFT_VERSION = 5.0;
				TARGETED_DEVICE_FAMILY = "1,2";
				TEST_HOST = "$(BUILT_PRODUCTS_DIR)/SwiftDataDB.app/$(BUNDLE_EXECUTABLE_FOLDER_PATH)/SwiftDataDB";
			};
			name = Debug;
		};
		C3A4DAA02BEAC2330010FD6D /* Release */ = {
			isa = XCBuildConfiguration;
			buildSettings = {
				ALWAYS_EMBED_SWIFT_STANDARD_LIBRARIES = YES;
				BUNDLE_LOADER = "$(TEST_HOST)";
				CODE_SIGN_STYLE = Automatic;
				CURRENT_PROJECT_VERSION = 1;
				GENERATE_INFOPLIST_FILE = YES;
				IPHONEOS_DEPLOYMENT_TARGET = 17.4;
				MARKETING_VERSION = 1.0;
				PRODUCT_BUNDLE_IDENTIFIER = ByteriX.SwiftDataDBTests;
				PRODUCT_NAME = "$(TARGET_NAME)";
				SWIFT_EMIT_LOC_STRINGS = NO;
				SWIFT_VERSION = 5.0;
				TARGETED_DEVICE_FAMILY = "1,2";
				TEST_HOST = "$(BUILT_PRODUCTS_DIR)/SwiftDataDB.app/$(BUNDLE_EXECUTABLE_FOLDER_PATH)/SwiftDataDB";
			};
			name = Release;
		};
		C3A4DAA12BEAC2330010FD6D /* Debug */ = {
			isa = XCBuildConfiguration;
			buildSettings = {
				ALWAYS_EMBED_SWIFT_STANDARD_LIBRARIES = YES;
				CODE_SIGN_STYLE = Automatic;
				CURRENT_PROJECT_VERSION = 1;
				GENERATE_INFOPLIST_FILE = YES;
				IPHONEOS_DEPLOYMENT_TARGET = 17.4;
				MARKETING_VERSION = 1.0;
				PRODUCT_BUNDLE_IDENTIFIER = ByteriX.SwiftDataDBUITests;
				PRODUCT_NAME = "$(TARGET_NAME)";
				SWIFT_EMIT_LOC_STRINGS = NO;
				SWIFT_VERSION = 5.0;
				TARGETED_DEVICE_FAMILY = "1,2";
				TEST_TARGET_NAME = SwiftDataDB;
			};
			name = Debug;
		};
		C3A4DAA22BEAC2330010FD6D /* Release */ = {
			isa = XCBuildConfiguration;
			buildSettings = {
				ALWAYS_EMBED_SWIFT_STANDARD_LIBRARIES = YES;
				CODE_SIGN_STYLE = Automatic;
				CURRENT_PROJECT_VERSION = 1;
				GENERATE_INFOPLIST_FILE = YES;
				IPHONEOS_DEPLOYMENT_TARGET = 17.4;
				MARKETING_VERSION = 1.0;
				PRODUCT_BUNDLE_IDENTIFIER = ByteriX.SwiftDataDBUITests;
				PRODUCT_NAME = "$(TARGET_NAME)";
				SWIFT_EMIT_LOC_STRINGS = NO;
				SWIFT_VERSION = 5.0;
				TARGETED_DEVICE_FAMILY = "1,2";
				TEST_TARGET_NAME = SwiftDataDB;
			};
			name = Release;
		};
		C3A4DAE92BEE77260010FD6D /* Debug */ = {
			isa = XCBuildConfiguration;
			buildSettings = {
				ASSETCATALOG_COMPILER_APPICON_NAME = AppIcon;
				ASSETCATALOG_COMPILER_GLOBAL_ACCENT_COLOR_NAME = AccentColor;
				CODE_SIGN_STYLE = Automatic;
				CURRENT_PROJECT_VERSION = 1;
				DEVELOPMENT_ASSET_PATHS = "\"RealmDB/Preview Content\"";
				ENABLE_PREVIEWS = YES;
				GENERATE_INFOPLIST_FILE = YES;
				INFOPLIST_KEY_UIApplicationSceneManifest_Generation = YES;
				INFOPLIST_KEY_UIApplicationSupportsIndirectInputEvents = YES;
				INFOPLIST_KEY_UILaunchScreen_Generation = YES;
				INFOPLIST_KEY_UISupportedInterfaceOrientations_iPad = "UIInterfaceOrientationPortrait UIInterfaceOrientationPortraitUpsideDown UIInterfaceOrientationLandscapeLeft UIInterfaceOrientationLandscapeRight";
				INFOPLIST_KEY_UISupportedInterfaceOrientations_iPhone = "UIInterfaceOrientationPortrait UIInterfaceOrientationLandscapeLeft UIInterfaceOrientationLandscapeRight";
				IPHONEOS_DEPLOYMENT_TARGET = 17.2;
				LD_RUNPATH_SEARCH_PATHS = (
					"$(inherited)",
					"@executable_path/Frameworks",
				);
				MARKETING_VERSION = 1.0;
				PRODUCT_BUNDLE_IDENTIFIER = ByteriX.RealmDB;
				PRODUCT_NAME = "$(TARGET_NAME)";
				SWIFT_EMIT_LOC_STRINGS = YES;
				SWIFT_VERSION = 5.0;
				TARGETED_DEVICE_FAMILY = "1,2";
			};
			name = Debug;
		};
		C3A4DAEA2BEE77260010FD6D /* Release */ = {
			isa = XCBuildConfiguration;
			buildSettings = {
				ASSETCATALOG_COMPILER_APPICON_NAME = AppIcon;
				ASSETCATALOG_COMPILER_GLOBAL_ACCENT_COLOR_NAME = AccentColor;
				CODE_SIGN_STYLE = Automatic;
				CURRENT_PROJECT_VERSION = 1;
				DEVELOPMENT_ASSET_PATHS = "\"RealmDB/Preview Content\"";
				ENABLE_PREVIEWS = YES;
				GENERATE_INFOPLIST_FILE = YES;
				INFOPLIST_KEY_UIApplicationSceneManifest_Generation = YES;
				INFOPLIST_KEY_UIApplicationSupportsIndirectInputEvents = YES;
				INFOPLIST_KEY_UILaunchScreen_Generation = YES;
				INFOPLIST_KEY_UISupportedInterfaceOrientations_iPad = "UIInterfaceOrientationPortrait UIInterfaceOrientationPortraitUpsideDown UIInterfaceOrientationLandscapeLeft UIInterfaceOrientationLandscapeRight";
				INFOPLIST_KEY_UISupportedInterfaceOrientations_iPhone = "UIInterfaceOrientationPortrait UIInterfaceOrientationLandscapeLeft UIInterfaceOrientationLandscapeRight";
				IPHONEOS_DEPLOYMENT_TARGET = 17.2;
				LD_RUNPATH_SEARCH_PATHS = (
					"$(inherited)",
					"@executable_path/Frameworks",
				);
				MARKETING_VERSION = 1.0;
				PRODUCT_BUNDLE_IDENTIFIER = ByteriX.RealmDB;
				PRODUCT_NAME = "$(TARGET_NAME)";
				SWIFT_EMIT_LOC_STRINGS = YES;
				SWIFT_VERSION = 5.0;
				TARGETED_DEVICE_FAMILY = "1,2";
			};
			name = Release;
		};
		C3A4DAEB2BEE77260010FD6D /* Debug */ = {
			isa = XCBuildConfiguration;
			buildSettings = {
				ALWAYS_EMBED_SWIFT_STANDARD_LIBRARIES = YES;
				BUNDLE_LOADER = "$(TEST_HOST)";
				CODE_SIGN_STYLE = Automatic;
				CURRENT_PROJECT_VERSION = 1;
				GENERATE_INFOPLIST_FILE = YES;
				IPHONEOS_DEPLOYMENT_TARGET = 17.4;
				MARKETING_VERSION = 1.0;
				PRODUCT_BUNDLE_IDENTIFIER = ByteriX.RealmDBTests;
				PRODUCT_NAME = "$(TARGET_NAME)";
				SWIFT_EMIT_LOC_STRINGS = NO;
				SWIFT_VERSION = 5.0;
				TARGETED_DEVICE_FAMILY = "1,2";
				TEST_HOST = "$(BUILT_PRODUCTS_DIR)/RealmDB.app/$(BUNDLE_EXECUTABLE_FOLDER_PATH)/RealmDB";
			};
			name = Debug;
		};
		C3A4DAEC2BEE77260010FD6D /* Release */ = {
			isa = XCBuildConfiguration;
			buildSettings = {
				ALWAYS_EMBED_SWIFT_STANDARD_LIBRARIES = YES;
				BUNDLE_LOADER = "$(TEST_HOST)";
				CODE_SIGN_STYLE = Automatic;
				CURRENT_PROJECT_VERSION = 1;
				GENERATE_INFOPLIST_FILE = YES;
				IPHONEOS_DEPLOYMENT_TARGET = 17.4;
				MARKETING_VERSION = 1.0;
				PRODUCT_BUNDLE_IDENTIFIER = ByteriX.RealmDBTests;
				PRODUCT_NAME = "$(TARGET_NAME)";
				SWIFT_EMIT_LOC_STRINGS = NO;
				SWIFT_VERSION = 5.0;
				TARGETED_DEVICE_FAMILY = "1,2";
				TEST_HOST = "$(BUILT_PRODUCTS_DIR)/RealmDB.app/$(BUNDLE_EXECUTABLE_FOLDER_PATH)/RealmDB";
			};
			name = Release;
		};
		C3A4DAED2BEE77260010FD6D /* Debug */ = {
			isa = XCBuildConfiguration;
			buildSettings = {
				ALWAYS_EMBED_SWIFT_STANDARD_LIBRARIES = YES;
				CODE_SIGN_STYLE = Automatic;
				CURRENT_PROJECT_VERSION = 1;
				GENERATE_INFOPLIST_FILE = YES;
				IPHONEOS_DEPLOYMENT_TARGET = 17.4;
				MARKETING_VERSION = 1.0;
				PRODUCT_BUNDLE_IDENTIFIER = ByteriX.RealmDBUITests;
				PRODUCT_NAME = "$(TARGET_NAME)";
				SWIFT_EMIT_LOC_STRINGS = NO;
				SWIFT_VERSION = 5.0;
				TARGETED_DEVICE_FAMILY = "1,2";
				TEST_TARGET_NAME = RealmDB;
			};
			name = Debug;
		};
		C3A4DAEE2BEE77260010FD6D /* Release */ = {
			isa = XCBuildConfiguration;
			buildSettings = {
				ALWAYS_EMBED_SWIFT_STANDARD_LIBRARIES = YES;
				CODE_SIGN_STYLE = Automatic;
				CURRENT_PROJECT_VERSION = 1;
				GENERATE_INFOPLIST_FILE = YES;
				IPHONEOS_DEPLOYMENT_TARGET = 17.4;
				MARKETING_VERSION = 1.0;
				PRODUCT_BUNDLE_IDENTIFIER = ByteriX.RealmDBUITests;
				PRODUCT_NAME = "$(TARGET_NAME)";
				SWIFT_EMIT_LOC_STRINGS = NO;
				SWIFT_VERSION = 5.0;
				TARGETED_DEVICE_FAMILY = "1,2";
				TEST_TARGET_NAME = RealmDB;
			};
			name = Release;
		};
/* End XCBuildConfiguration section */

/* Begin XCConfigurationList section */
		C3630D5F2C076A4E0010EE86 /* Build configuration list for PBXNativeTarget "CoreStoreDB" */ = {
			isa = XCConfigurationList;
			buildConfigurations = (
				C3630D5D2C076A4E0010EE86 /* Debug */,
				C3630D5E2C076A4E0010EE86 /* Release */,
			);
			defaultConfigurationIsVisible = 0;
			defaultConfigurationName = Release;
		};
		C3630DA02C0926670010EE86 /* Build configuration list for PBXNativeTarget "PerformanceAllDb" */ = {
			isa = XCConfigurationList;
			buildConfigurations = (
				C3630D9E2C0926670010EE86 /* Debug */,
				C3630D9F2C0926670010EE86 /* Release */,
			);
			defaultConfigurationIsVisible = 0;
			defaultConfigurationName = Release;
		};
		C387230B2B75488200B66242 /* Build configuration list for PBXProject "DBiOS" */ = {
			isa = XCConfigurationList;
			buildConfigurations = (
				C38723322B75488500B66242 /* Debug */,
				C38723332B75488500B66242 /* Release */,
			);
			defaultConfigurationIsVisible = 0;
			defaultConfigurationName = Release;
		};
		C38723342B75488500B66242 /* Build configuration list for PBXNativeTarget "FluentDB" */ = {
			isa = XCConfigurationList;
			buildConfigurations = (
				C38723352B75488500B66242 /* Debug */,
				C38723362B75488500B66242 /* Release */,
			);
			defaultConfigurationIsVisible = 0;
			defaultConfigurationName = Release;
		};
		C38723372B75488500B66242 /* Build configuration list for PBXNativeTarget "FluentDBTests" */ = {
			isa = XCConfigurationList;
			buildConfigurations = (
				C38723382B75488500B66242 /* Debug */,
				C38723392B75488500B66242 /* Release */,
			);
			defaultConfigurationIsVisible = 0;
			defaultConfigurationName = Release;
		};
		C387233A2B75488500B66242 /* Build configuration list for PBXNativeTarget "FluentDBUITests" */ = {
			isa = XCConfigurationList;
			buildConfigurations = (
				C387233B2B75488500B66242 /* Debug */,
				C387233C2B75488500B66242 /* Release */,
			);
			defaultConfigurationIsVisible = 0;
			defaultConfigurationName = Release;
		};
		C3A4DAA32BEAC2330010FD6D /* Build configuration list for PBXNativeTarget "SwiftDataDB" */ = {
			isa = XCConfigurationList;
			buildConfigurations = (
				C3A4DA9D2BEAC2330010FD6D /* Debug */,
				C3A4DA9E2BEAC2330010FD6D /* Release */,
			);
			defaultConfigurationIsVisible = 0;
			defaultConfigurationName = Release;
		};
		C3A4DAA42BEAC2330010FD6D /* Build configuration list for PBXNativeTarget "SwiftDataDBTests" */ = {
			isa = XCConfigurationList;
			buildConfigurations = (
				C3A4DA9F2BEAC2330010FD6D /* Debug */,
				C3A4DAA02BEAC2330010FD6D /* Release */,
			);
			defaultConfigurationIsVisible = 0;
			defaultConfigurationName = Release;
		};
		C3A4DAA52BEAC2330010FD6D /* Build configuration list for PBXNativeTarget "SwiftDataDBUITests" */ = {
			isa = XCConfigurationList;
			buildConfigurations = (
				C3A4DAA12BEAC2330010FD6D /* Debug */,
				C3A4DAA22BEAC2330010FD6D /* Release */,
			);
			defaultConfigurationIsVisible = 0;
			defaultConfigurationName = Release;
		};
		C3A4DAEF2BEE77260010FD6D /* Build configuration list for PBXNativeTarget "RealmDB" */ = {
			isa = XCConfigurationList;
			buildConfigurations = (
				C3A4DAE92BEE77260010FD6D /* Debug */,
				C3A4DAEA2BEE77260010FD6D /* Release */,
			);
			defaultConfigurationIsVisible = 0;
			defaultConfigurationName = Release;
		};
		C3A4DAF02BEE77260010FD6D /* Build configuration list for PBXNativeTarget "RealmDBTests" */ = {
			isa = XCConfigurationList;
			buildConfigurations = (
				C3A4DAEB2BEE77260010FD6D /* Debug */,
				C3A4DAEC2BEE77260010FD6D /* Release */,
			);
			defaultConfigurationIsVisible = 0;
			defaultConfigurationName = Release;
		};
		C3A4DAF12BEE77260010FD6D /* Build configuration list for PBXNativeTarget "RealmDBUITests" */ = {
			isa = XCConfigurationList;
			buildConfigurations = (
				C3A4DAED2BEE77260010FD6D /* Debug */,
				C3A4DAEE2BEE77260010FD6D /* Release */,
			);
			defaultConfigurationIsVisible = 0;
			defaultConfigurationName = Release;
		};
/* End XCConfigurationList section */

/* Begin XCLocalSwiftPackageReference section */
		C3630D832C091B6E0010EE86 /* XCLocalSwiftPackageReference "Modules/Fluent" */ = {
			isa = XCLocalSwiftPackageReference;
			relativePath = Modules/Fluent;
		};
		C3630D892C0920810010EE86 /* XCLocalSwiftPackageReference "Modules/RealmDBModule" */ = {
			isa = XCLocalSwiftPackageReference;
			relativePath = Modules/RealmDBModule;
		};
		C3630D8C2C0923F60010EE86 /* XCLocalSwiftPackageReference "Modules/SwiftDataModule" */ = {
			isa = XCLocalSwiftPackageReference;
			relativePath = Modules/SwiftDataModule;
		};
		C3A4DAB82BEE0AE90010FD6D /* XCLocalSwiftPackageReference "Core" */ = {
			isa = XCLocalSwiftPackageReference;
			relativePath = Core;
		};
/* End XCLocalSwiftPackageReference section */

/* Begin XCRemoteSwiftPackageReference section */
		C3630D782C07BAA70010EE86 /* XCRemoteSwiftPackageReference "CoreStore" */ = {
			isa = XCRemoteSwiftPackageReference;
			repositoryURL = "https://github.com/JohnEstropia/CoreStore.git";
			requirement = {
				kind = upToNextMajorVersion;
				minimumVersion = 9.2.0;
			};
		};
		C387233D2B75495E00B66242 /* XCRemoteSwiftPackageReference "fluent-sqlite-driver" */ = {
			isa = XCRemoteSwiftPackageReference;
			repositoryURL = "https://github.com/vapor/fluent-sqlite-driver.git";
			requirement = {
				kind = upToNextMajorVersion;
				minimumVersion = 4.6.0;
			};
		};
		C3A4DAFD2BEE78840010FD6D /* XCRemoteSwiftPackageReference "realm-swift" */ = {
			isa = XCRemoteSwiftPackageReference;
			repositoryURL = "https://github.com/realm/realm-swift.git";
			requirement = {
				branch = master;
				kind = branch;
			};
		};
/* End XCRemoteSwiftPackageReference section */

/* Begin XCSwiftPackageProductDependency section */
		C3630D792C07BAA70010EE86 /* CoreStore */ = {
			isa = XCSwiftPackageProductDependency;
			package = C3630D782C07BAA70010EE86 /* XCRemoteSwiftPackageReference "CoreStore" */;
			productName = CoreStore;
		};
		C3630D7B2C08703C0010EE86 /* Core */ = {
			isa = XCSwiftPackageProductDependency;
			package = C3A4DAB82BEE0AE90010FD6D /* XCLocalSwiftPackageReference "Core" */;
			productName = Core;
		};
		C3630D842C091B6E0010EE86 /* Fluent */ = {
			isa = XCSwiftPackageProductDependency;
			productName = Fluent;
		};
		C3630D8A2C0920810010EE86 /* RealmDBModule */ = {
			isa = XCSwiftPackageProductDependency;
			productName = RealmDBModule;
		};
		C3630D8D2C0923F60010EE86 /* SwiftDataModule */ = {
			isa = XCSwiftPackageProductDependency;
			productName = SwiftDataModule;
		};
		C3630DA12C09279B0010EE86 /* Core */ = {
			isa = XCSwiftPackageProductDependency;
			package = C3A4DAB82BEE0AE90010FD6D /* XCLocalSwiftPackageReference "Core" */;
			productName = Core;
		};
		C3630DA32C09279B0010EE86 /* Fluent */ = {
			isa = XCSwiftPackageProductDependency;
			package = C3630D832C091B6E0010EE86 /* XCLocalSwiftPackageReference "Modules/Fluent" */;
			productName = Fluent;
		};
		C3630DA52C09279B0010EE86 /* RealmDBModule */ = {
			isa = XCSwiftPackageProductDependency;
			package = C3630D892C0920810010EE86 /* XCLocalSwiftPackageReference "Modules/RealmDBModule" */;
			productName = RealmDBModule;
		};
		C3630DA72C09279B0010EE86 /* SwiftDataModule */ = {
			isa = XCSwiftPackageProductDependency;
			package = C3630D8C2C0923F60010EE86 /* XCLocalSwiftPackageReference "Modules/SwiftDataModule" */;
			productName = SwiftDataModule;
		};
		C387233E2B75495E00B66242 /* FluentSQLiteDriver */ = {
			isa = XCSwiftPackageProductDependency;
			package = C387233D2B75495E00B66242 /* XCRemoteSwiftPackageReference "fluent-sqlite-driver" */;
			productName = FluentSQLiteDriver;
		};
		C3A4DABA2BEE0B6B0010FD6D /* Core */ = {
			isa = XCSwiftPackageProductDependency;
			package = C3A4DAB82BEE0AE90010FD6D /* XCLocalSwiftPackageReference "Core" */;
			productName = Core;
		};
		C3A4DAC22BEE1B5E0010FD6D /* Core */ = {
			isa = XCSwiftPackageProductDependency;
			package = C3A4DAB82BEE0AE90010FD6D /* XCLocalSwiftPackageReference "Core" */;
			productName = Core;
		};
		C3A4DB002BEE78840010FD6D /* RealmSwift */ = {
			isa = XCSwiftPackageProductDependency;
			package = C3A4DAFD2BEE78840010FD6D /* XCRemoteSwiftPackageReference "realm-swift" */;
			productName = RealmSwift;
		};
		C3A4DB022BEEA8ED0010FD6D /* Core */ = {
			isa = XCSwiftPackageProductDependency;
			package = C3A4DAB82BEE0AE90010FD6D /* XCLocalSwiftPackageReference "Core" */;
			productName = Core;
		};
/* End XCSwiftPackageProductDependency section */
	};
	rootObject = C38723082B75488200B66242 /* Project object */;
}
