// !$*UTF8*$!
{
	archiveVersion = 1;
	classes = {
	};
	objectVersion = 60;
	objects = {

/* Begin PBXBuildFile section */
		C32BA0802B95079700F33D8F /* DatabaseManager.swift in Sources */ = {isa = PBXBuildFile; fileRef = C32BA07F2B95079700F33D8F /* DatabaseManager.swift */; };
		C32BA0852B95154500F33D8F /* TodoGroup.swift in Sources */ = {isa = PBXBuildFile; fileRef = C32BA0842B95154500F33D8F /* TodoGroup.swift */; };
		C38723142B75488300B66242 /* FluentDBApp.swift in Sources */ = {isa = PBXBuildFile; fileRef = C38723132B75488300B66242 /* FluentDBApp.swift */; };
		C38723182B75488500B66242 /* Assets.xcassets in Resources */ = {isa = PBXBuildFile; fileRef = C38723172B75488500B66242 /* Assets.xcassets */; };
		C387231B2B75488500B66242 /* Preview Assets.xcassets in Resources */ = {isa = PBXBuildFile; fileRef = C387231A2B75488500B66242 /* Preview Assets.xcassets */; };
		C38723252B75488500B66242 /* FluentDBTests.swift in Sources */ = {isa = PBXBuildFile; fileRef = C38723242B75488500B66242 /* FluentDBTests.swift */; };
		C387232F2B75488500B66242 /* FluentDBUITests.swift in Sources */ = {isa = PBXBuildFile; fileRef = C387232E2B75488500B66242 /* FluentDBUITests.swift */; };
		C38723312B75488500B66242 /* FluentDBUITestsLaunchTests.swift in Sources */ = {isa = PBXBuildFile; fileRef = C38723302B75488500B66242 /* FluentDBUITestsLaunchTests.swift */; };
		C387233F2B75495E00B66242 /* FluentSQLiteDriver in Frameworks */ = {isa = PBXBuildFile; productRef = C387233E2B75495E00B66242 /* FluentSQLiteDriver */; };
		C38723462B7555AF00B66242 /* Todo.swift in Sources */ = {isa = PBXBuildFile; fileRef = C38723452B7555AF00B66242 /* Todo.swift */; };
		C3A4DA7F2BEAC2320010FD6D /* SwiftDataDBApp.swift in Sources */ = {isa = PBXBuildFile; fileRef = C3A4DA7E2BEAC2320010FD6D /* SwiftDataDBApp.swift */; };
		C3A4DA832BEAC2330010FD6D /* Assets.xcassets in Resources */ = {isa = PBXBuildFile; fileRef = C3A4DA822BEAC2330010FD6D /* Assets.xcassets */; };
		C3A4DA862BEAC2330010FD6D /* Preview Assets.xcassets in Resources */ = {isa = PBXBuildFile; fileRef = C3A4DA852BEAC2330010FD6D /* Preview Assets.xcassets */; };
		C3A4DA902BEAC2330010FD6D /* SwiftDataDBTests.swift in Sources */ = {isa = PBXBuildFile; fileRef = C3A4DA8F2BEAC2330010FD6D /* SwiftDataDBTests.swift */; };
		C3A4DA9A2BEAC2330010FD6D /* SwiftDataDBUITests.swift in Sources */ = {isa = PBXBuildFile; fileRef = C3A4DA992BEAC2330010FD6D /* SwiftDataDBUITests.swift */; };
		C3A4DA9C2BEAC2330010FD6D /* SwiftDataDBUITestsLaunchTests.swift in Sources */ = {isa = PBXBuildFile; fileRef = C3A4DA9B2BEAC2330010FD6D /* SwiftDataDBUITestsLaunchTests.swift */; };
		C3A4DAAA2BEB75840010FD6D /* DatabaseManager.swift in Sources */ = {isa = PBXBuildFile; fileRef = C3A4DAA92BEB75840010FD6D /* DatabaseManager.swift */; };
		C3A4DAAC2BEB94820010FD6D /* Todo.swift in Sources */ = {isa = PBXBuildFile; fileRef = C3A4DAAB2BEB94820010FD6D /* Todo.swift */; };
		C3A4DAAE2BEB94930010FD6D /* TodoGroup.swift in Sources */ = {isa = PBXBuildFile; fileRef = C3A4DAAD2BEB94930010FD6D /* TodoGroup.swift */; };
		C3A4DAB02BED4A2C0010FD6D /* TodoListView.swift in Sources */ = {isa = PBXBuildFile; fileRef = C3A4DAAF2BED4A2C0010FD6D /* TodoListView.swift */; };
		C3A4DAB22BED4B850010FD6D /* TodoDetailsView.swift in Sources */ = {isa = PBXBuildFile; fileRef = C3A4DAB12BED4B850010FD6D /* TodoDetailsView.swift */; };
		C3A4DAB42BED4BB40010FD6D /* AddGroupView.swift in Sources */ = {isa = PBXBuildFile; fileRef = C3A4DAB32BED4BB40010FD6D /* AddGroupView.swift */; };
		C3A4DAB62BEDF4340010FD6D /* FluentDatabaseQuery.swift in Sources */ = {isa = PBXBuildFile; fileRef = C3A4DAB52BEDF4340010FD6D /* FluentDatabaseQuery.swift */; };
		C3A4DABB2BEE0B6B0010FD6D /* Core in Frameworks */ = {isa = PBXBuildFile; productRef = C3A4DABA2BEE0B6B0010FD6D /* Core */; };
/* End PBXBuildFile section */

/* Begin PBXContainerItemProxy section */
		C38723212B75488500B66242 /* PBXContainerItemProxy */ = {
			isa = PBXContainerItemProxy;
			containerPortal = C38723082B75488200B66242 /* Project object */;
			proxyType = 1;
			remoteGlobalIDString = C387230F2B75488200B66242;
			remoteInfo = FluentDB;
		};
		C387232B2B75488500B66242 /* PBXContainerItemProxy */ = {
			isa = PBXContainerItemProxy;
			containerPortal = C38723082B75488200B66242 /* Project object */;
			proxyType = 1;
			remoteGlobalIDString = C387230F2B75488200B66242;
			remoteInfo = FluentDB;
		};
		C3A4DA8C2BEAC2330010FD6D /* PBXContainerItemProxy */ = {
			isa = PBXContainerItemProxy;
			containerPortal = C38723082B75488200B66242 /* Project object */;
			proxyType = 1;
			remoteGlobalIDString = C3A4DA7B2BEAC2310010FD6D;
			remoteInfo = SwiftDataDB;
		};
		C3A4DA962BEAC2330010FD6D /* PBXContainerItemProxy */ = {
			isa = PBXContainerItemProxy;
			containerPortal = C38723082B75488200B66242 /* Project object */;
			proxyType = 1;
			remoteGlobalIDString = C3A4DA7B2BEAC2310010FD6D;
			remoteInfo = SwiftDataDB;
		};
/* End PBXContainerItemProxy section */

/* Begin PBXFileReference section */
		C32BA07F2B95079700F33D8F /* DatabaseManager.swift */ = {isa = PBXFileReference; lastKnownFileType = sourcecode.swift; path = DatabaseManager.swift; sourceTree = "<group>"; };
		C32BA0842B95154500F33D8F /* TodoGroup.swift */ = {isa = PBXFileReference; lastKnownFileType = sourcecode.swift; path = TodoGroup.swift; sourceTree = "<group>"; };
		C38723102B75488300B66242 /* FluentDB.app */ = {isa = PBXFileReference; explicitFileType = wrapper.application; includeInIndex = 0; path = FluentDB.app; sourceTree = BUILT_PRODUCTS_DIR; };
		C38723132B75488300B66242 /* FluentDBApp.swift */ = {isa = PBXFileReference; lastKnownFileType = sourcecode.swift; path = FluentDBApp.swift; sourceTree = "<group>"; };
		C38723172B75488500B66242 /* Assets.xcassets */ = {isa = PBXFileReference; lastKnownFileType = folder.assetcatalog; path = Assets.xcassets; sourceTree = "<group>"; };
		C387231A2B75488500B66242 /* Preview Assets.xcassets */ = {isa = PBXFileReference; lastKnownFileType = folder.assetcatalog; path = "Preview Assets.xcassets"; sourceTree = "<group>"; };
		C38723202B75488500B66242 /* FluentDBTests.xctest */ = {isa = PBXFileReference; explicitFileType = wrapper.cfbundle; includeInIndex = 0; path = FluentDBTests.xctest; sourceTree = BUILT_PRODUCTS_DIR; };
		C38723242B75488500B66242 /* FluentDBTests.swift */ = {isa = PBXFileReference; lastKnownFileType = sourcecode.swift; path = FluentDBTests.swift; sourceTree = "<group>"; };
		C387232A2B75488500B66242 /* FluentDBUITests.xctest */ = {isa = PBXFileReference; explicitFileType = wrapper.cfbundle; includeInIndex = 0; path = FluentDBUITests.xctest; sourceTree = BUILT_PRODUCTS_DIR; };
		C387232E2B75488500B66242 /* FluentDBUITests.swift */ = {isa = PBXFileReference; lastKnownFileType = sourcecode.swift; path = FluentDBUITests.swift; sourceTree = "<group>"; };
		C38723302B75488500B66242 /* FluentDBUITestsLaunchTests.swift */ = {isa = PBXFileReference; lastKnownFileType = sourcecode.swift; path = FluentDBUITestsLaunchTests.swift; sourceTree = "<group>"; };
		C38723452B7555AF00B66242 /* Todo.swift */ = {isa = PBXFileReference; lastKnownFileType = sourcecode.swift; path = Todo.swift; sourceTree = "<group>"; };
		C3A4DA7C2BEAC2320010FD6D /* SwiftDataDB.app */ = {isa = PBXFileReference; explicitFileType = wrapper.application; includeInIndex = 0; path = SwiftDataDB.app; sourceTree = BUILT_PRODUCTS_DIR; };
		C3A4DA7E2BEAC2320010FD6D /* SwiftDataDBApp.swift */ = {isa = PBXFileReference; lastKnownFileType = sourcecode.swift; path = SwiftDataDBApp.swift; sourceTree = "<group>"; };
		C3A4DA822BEAC2330010FD6D /* Assets.xcassets */ = {isa = PBXFileReference; lastKnownFileType = folder.assetcatalog; path = Assets.xcassets; sourceTree = "<group>"; };
		C3A4DA852BEAC2330010FD6D /* Preview Assets.xcassets */ = {isa = PBXFileReference; lastKnownFileType = folder.assetcatalog; path = "Preview Assets.xcassets"; sourceTree = "<group>"; };
		C3A4DA8B2BEAC2330010FD6D /* SwiftDataDBTests.xctest */ = {isa = PBXFileReference; explicitFileType = wrapper.cfbundle; includeInIndex = 0; path = SwiftDataDBTests.xctest; sourceTree = BUILT_PRODUCTS_DIR; };
		C3A4DA8F2BEAC2330010FD6D /* SwiftDataDBTests.swift */ = {isa = PBXFileReference; lastKnownFileType = sourcecode.swift; path = SwiftDataDBTests.swift; sourceTree = "<group>"; };
		C3A4DA952BEAC2330010FD6D /* SwiftDataDBUITests.xctest */ = {isa = PBXFileReference; explicitFileType = wrapper.cfbundle; includeInIndex = 0; path = SwiftDataDBUITests.xctest; sourceTree = BUILT_PRODUCTS_DIR; };
		C3A4DA992BEAC2330010FD6D /* SwiftDataDBUITests.swift */ = {isa = PBXFileReference; lastKnownFileType = sourcecode.swift; path = SwiftDataDBUITests.swift; sourceTree = "<group>"; };
		C3A4DA9B2BEAC2330010FD6D /* SwiftDataDBUITestsLaunchTests.swift */ = {isa = PBXFileReference; lastKnownFileType = sourcecode.swift; path = SwiftDataDBUITestsLaunchTests.swift; sourceTree = "<group>"; };
		C3A4DAA92BEB75840010FD6D /* DatabaseManager.swift */ = {isa = PBXFileReference; lastKnownFileType = sourcecode.swift; path = DatabaseManager.swift; sourceTree = "<group>"; };
		C3A4DAAB2BEB94820010FD6D /* Todo.swift */ = {isa = PBXFileReference; lastKnownFileType = sourcecode.swift; path = Todo.swift; sourceTree = "<group>"; };
		C3A4DAAD2BEB94930010FD6D /* TodoGroup.swift */ = {isa = PBXFileReference; lastKnownFileType = sourcecode.swift; path = TodoGroup.swift; sourceTree = "<group>"; };
		C3A4DAAF2BED4A2C0010FD6D /* TodoListView.swift */ = {isa = PBXFileReference; lastKnownFileType = sourcecode.swift; path = TodoListView.swift; sourceTree = "<group>"; };
		C3A4DAB12BED4B850010FD6D /* TodoDetailsView.swift */ = {isa = PBXFileReference; lastKnownFileType = sourcecode.swift; path = TodoDetailsView.swift; sourceTree = "<group>"; };
		C3A4DAB32BED4BB40010FD6D /* AddGroupView.swift */ = {isa = PBXFileReference; lastKnownFileType = sourcecode.swift; path = AddGroupView.swift; sourceTree = "<group>"; };
		C3A4DAB52BEDF4340010FD6D /* FluentDatabaseQuery.swift */ = {isa = PBXFileReference; lastKnownFileType = sourcecode.swift; path = FluentDatabaseQuery.swift; sourceTree = "<group>"; };
/* End PBXFileReference section */

/* Begin PBXFrameworksBuildPhase section */
		C387230D2B75488200B66242 /* Frameworks */ = {
			isa = PBXFrameworksBuildPhase;
			buildActionMask = 2147483647;
			files = (
				C387233F2B75495E00B66242 /* FluentSQLiteDriver in Frameworks */,
				C3A4DABB2BEE0B6B0010FD6D /* Core in Frameworks */,
			);
			runOnlyForDeploymentPostprocessing = 0;
		};
		C387231D2B75488500B66242 /* Frameworks */ = {
			isa = PBXFrameworksBuildPhase;
			buildActionMask = 2147483647;
			files = (
			);
			runOnlyForDeploymentPostprocessing = 0;
		};
		C38723272B75488500B66242 /* Frameworks */ = {
			isa = PBXFrameworksBuildPhase;
			buildActionMask = 2147483647;
			files = (
			);
			runOnlyForDeploymentPostprocessing = 0;
		};
		C3A4DA792BEAC2310010FD6D /* Frameworks */ = {
			isa = PBXFrameworksBuildPhase;
			buildActionMask = 2147483647;
			files = (
			);
			runOnlyForDeploymentPostprocessing = 0;
		};
		C3A4DA882BEAC2330010FD6D /* Frameworks */ = {
			isa = PBXFrameworksBuildPhase;
			buildActionMask = 2147483647;
			files = (
			);
			runOnlyForDeploymentPostprocessing = 0;
		};
		C3A4DA922BEAC2330010FD6D /* Frameworks */ = {
			isa = PBXFrameworksBuildPhase;
			buildActionMask = 2147483647;
			files = (
			);
			runOnlyForDeploymentPostprocessing = 0;
		};
/* End PBXFrameworksBuildPhase section */

/* Begin PBXGroup section */
		C32BA0812B95098100F33D8F /* DB */ = {
			isa = PBXGroup;
			children = (
				C32BA07F2B95079700F33D8F /* DatabaseManager.swift */,
				C3A4DAB52BEDF4340010FD6D /* FluentDatabaseQuery.swift */,
			);
			path = DB;
			sourceTree = "<group>";
		};
		C32BA0822B95098100F33D8F /* Views */ = {
			isa = PBXGroup;
			children = (
				C38723132B75488300B66242 /* FluentDBApp.swift */,
			);
			path = Views;
			sourceTree = "<group>";
		};
		C32BA0832B9509A000F33D8F /* Entities */ = {
			isa = PBXGroup;
			children = (
				C38723452B7555AF00B66242 /* Todo.swift */,
				C32BA0842B95154500F33D8F /* TodoGroup.swift */,
			);
			path = Entities;
			sourceTree = "<group>";
		};
		C38723072B75488200B66242 = {
			isa = PBXGroup;
			children = (
				C38723122B75488300B66242 /* FluentDB */,
				C38723232B75488500B66242 /* FluentDBTests */,
				C387232D2B75488500B66242 /* FluentDBUITests */,
				C3A4DA7D2BEAC2320010FD6D /* SwiftDataDB */,
				C3A4DA8E2BEAC2330010FD6D /* SwiftDataDBTests */,
				C3A4DA982BEAC2330010FD6D /* SwiftDataDBUITests */,
				C38723112B75488300B66242 /* Products */,
				C3A4DAB92BEE0B6B0010FD6D /* Frameworks */,
			);
			sourceTree = "<group>";
		};
		C38723112B75488300B66242 /* Products */ = {
			isa = PBXGroup;
			children = (
				C38723102B75488300B66242 /* FluentDB.app */,
				C38723202B75488500B66242 /* FluentDBTests.xctest */,
				C387232A2B75488500B66242 /* FluentDBUITests.xctest */,
				C3A4DA7C2BEAC2320010FD6D /* SwiftDataDB.app */,
				C3A4DA8B2BEAC2330010FD6D /* SwiftDataDBTests.xctest */,
				C3A4DA952BEAC2330010FD6D /* SwiftDataDBUITests.xctest */,
			);
			name = Products;
			sourceTree = "<group>";
		};
		C38723122B75488300B66242 /* FluentDB */ = {
			isa = PBXGroup;
			children = (
				C32BA0812B95098100F33D8F /* DB */,
				C32BA0832B9509A000F33D8F /* Entities */,
				C32BA0822B95098100F33D8F /* Views */,
				C38723172B75488500B66242 /* Assets.xcassets */,
				C38723192B75488500B66242 /* Preview Content */,
			);
			path = FluentDB;
			sourceTree = "<group>";
		};
		C38723192B75488500B66242 /* Preview Content */ = {
			isa = PBXGroup;
			children = (
				C387231A2B75488500B66242 /* Preview Assets.xcassets */,
			);
			path = "Preview Content";
			sourceTree = "<group>";
		};
		C38723232B75488500B66242 /* FluentDBTests */ = {
			isa = PBXGroup;
			children = (
				C38723242B75488500B66242 /* FluentDBTests.swift */,
			);
			path = FluentDBTests;
			sourceTree = "<group>";
		};
		C387232D2B75488500B66242 /* FluentDBUITests */ = {
			isa = PBXGroup;
			children = (
				C387232E2B75488500B66242 /* FluentDBUITests.swift */,
				C38723302B75488500B66242 /* FluentDBUITestsLaunchTests.swift */,
			);
			path = FluentDBUITests;
			sourceTree = "<group>";
		};
		C3A4DA7D2BEAC2320010FD6D /* SwiftDataDB */ = {
			isa = PBXGroup;
			children = (
				C3A4DAA62BEB75480010FD6D /* DB */,
				C3A4DAA72BEB754E0010FD6D /* Entities */,
				C3A4DAA82BEB75550010FD6D /* Views */,
				C3A4DA822BEAC2330010FD6D /* Assets.xcassets */,
				C3A4DA842BEAC2330010FD6D /* Preview Content */,
			);
			path = SwiftDataDB;
			sourceTree = "<group>";
		};
		C3A4DA842BEAC2330010FD6D /* Preview Content */ = {
			isa = PBXGroup;
			children = (
				C3A4DA852BEAC2330010FD6D /* Preview Assets.xcassets */,
			);
			path = "Preview Content";
			sourceTree = "<group>";
		};
		C3A4DA8E2BEAC2330010FD6D /* SwiftDataDBTests */ = {
			isa = PBXGroup;
			children = (
				C3A4DA8F2BEAC2330010FD6D /* SwiftDataDBTests.swift */,
			);
			path = SwiftDataDBTests;
			sourceTree = "<group>";
		};
		C3A4DA982BEAC2330010FD6D /* SwiftDataDBUITests */ = {
			isa = PBXGroup;
			children = (
				C3A4DA992BEAC2330010FD6D /* SwiftDataDBUITests.swift */,
				C3A4DA9B2BEAC2330010FD6D /* SwiftDataDBUITestsLaunchTests.swift */,
			);
			path = SwiftDataDBUITests;
			sourceTree = "<group>";
		};
		C3A4DAA62BEB75480010FD6D /* DB */ = {
			isa = PBXGroup;
			children = (
				C3A4DAA92BEB75840010FD6D /* DatabaseManager.swift */,
			);
			path = DB;
			sourceTree = "<group>";
		};
		C3A4DAA72BEB754E0010FD6D /* Entities */ = {
			isa = PBXGroup;
			children = (
				C3A4DAAB2BEB94820010FD6D /* Todo.swift */,
				C3A4DAAD2BEB94930010FD6D /* TodoGroup.swift */,
			);
			path = Entities;
			sourceTree = "<group>";
		};
		C3A4DAA82BEB75550010FD6D /* Views */ = {
			isa = PBXGroup;
			children = (
				C3A4DA7E2BEAC2320010FD6D /* SwiftDataDBApp.swift */,
				C3A4DAAF2BED4A2C0010FD6D /* TodoListView.swift */,
				C3A4DAB12BED4B850010FD6D /* TodoDetailsView.swift */,
				C3A4DAB32BED4BB40010FD6D /* AddGroupView.swift */,
			);
			path = Views;
			sourceTree = "<group>";
		};
		C3A4DAB92BEE0B6B0010FD6D /* Frameworks */ = {
			isa = PBXGroup;
			children = (
			);
			name = Frameworks;
			sourceTree = "<group>";
		};
/* End PBXGroup section */

/* Begin PBXNativeTarget section */
		C387230F2B75488200B66242 /* FluentDB */ = {
			isa = PBXNativeTarget;
			buildConfigurationList = C38723342B75488500B66242 /* Build configuration list for PBXNativeTarget "FluentDB" */;
			buildPhases = (
				C387230C2B75488200B66242 /* Sources */,
				C387230D2B75488200B66242 /* Frameworks */,
				C387230E2B75488200B66242 /* Resources */,
			);
			buildRules = (
			);
			dependencies = (
			);
			name = FluentDB;
			packageProductDependencies = (
				C387233E2B75495E00B66242 /* FluentSQLiteDriver */,
				C3A4DABA2BEE0B6B0010FD6D /* Core */,
			);
			productName = FluentDB;
			productReference = C38723102B75488300B66242 /* FluentDB.app */;
			productType = "com.apple.product-type.application";
		};
		C387231F2B75488500B66242 /* FluentDBTests */ = {
			isa = PBXNativeTarget;
			buildConfigurationList = C38723372B75488500B66242 /* Build configuration list for PBXNativeTarget "FluentDBTests" */;
			buildPhases = (
				C387231C2B75488500B66242 /* Sources */,
				C387231D2B75488500B66242 /* Frameworks */,
				C387231E2B75488500B66242 /* Resources */,
			);
			buildRules = (
			);
			dependencies = (
				C38723222B75488500B66242 /* PBXTargetDependency */,
			);
			name = FluentDBTests;
			productName = FluentDBTests;
			productReference = C38723202B75488500B66242 /* FluentDBTests.xctest */;
			productType = "com.apple.product-type.bundle.unit-test";
		};
		C38723292B75488500B66242 /* FluentDBUITests */ = {
			isa = PBXNativeTarget;
			buildConfigurationList = C387233A2B75488500B66242 /* Build configuration list for PBXNativeTarget "FluentDBUITests" */;
			buildPhases = (
				C38723262B75488500B66242 /* Sources */,
				C38723272B75488500B66242 /* Frameworks */,
				C38723282B75488500B66242 /* Resources */,
			);
			buildRules = (
			);
			dependencies = (
				C387232C2B75488500B66242 /* PBXTargetDependency */,
			);
			name = FluentDBUITests;
			productName = FluentDBUITests;
			productReference = C387232A2B75488500B66242 /* FluentDBUITests.xctest */;
			productType = "com.apple.product-type.bundle.ui-testing";
		};
		C3A4DA7B2BEAC2310010FD6D /* SwiftDataDB */ = {
			isa = PBXNativeTarget;
			buildConfigurationList = C3A4DAA32BEAC2330010FD6D /* Build configuration list for PBXNativeTarget "SwiftDataDB" */;
			buildPhases = (
				C3A4DA782BEAC2310010FD6D /* Sources */,
				C3A4DA792BEAC2310010FD6D /* Frameworks */,
				C3A4DA7A2BEAC2310010FD6D /* Resources */,
			);
			buildRules = (
			);
			dependencies = (
			);
			name = SwiftDataDB;
			productName = SwiftDataDB;
			productReference = C3A4DA7C2BEAC2320010FD6D /* SwiftDataDB.app */;
			productType = "com.apple.product-type.application";
		};
		C3A4DA8A2BEAC2330010FD6D /* SwiftDataDBTests */ = {
			isa = PBXNativeTarget;
			buildConfigurationList = C3A4DAA42BEAC2330010FD6D /* Build configuration list for PBXNativeTarget "SwiftDataDBTests" */;
			buildPhases = (
				C3A4DA872BEAC2330010FD6D /* Sources */,
				C3A4DA882BEAC2330010FD6D /* Frameworks */,
				C3A4DA892BEAC2330010FD6D /* Resources */,
			);
			buildRules = (
			);
			dependencies = (
				C3A4DA8D2BEAC2330010FD6D /* PBXTargetDependency */,
			);
			name = SwiftDataDBTests;
			productName = SwiftDataDBTests;
			productReference = C3A4DA8B2BEAC2330010FD6D /* SwiftDataDBTests.xctest */;
			productType = "com.apple.product-type.bundle.unit-test";
		};
		C3A4DA942BEAC2330010FD6D /* SwiftDataDBUITests */ = {
			isa = PBXNativeTarget;
			buildConfigurationList = C3A4DAA52BEAC2330010FD6D /* Build configuration list for PBXNativeTarget "SwiftDataDBUITests" */;
			buildPhases = (
				C3A4DA912BEAC2330010FD6D /* Sources */,
				C3A4DA922BEAC2330010FD6D /* Frameworks */,
				C3A4DA932BEAC2330010FD6D /* Resources */,
			);
			buildRules = (
			);
			dependencies = (
				C3A4DA972BEAC2330010FD6D /* PBXTargetDependency */,
			);
			name = SwiftDataDBUITests;
			productName = SwiftDataDBUITests;
			productReference = C3A4DA952BEAC2330010FD6D /* SwiftDataDBUITests.xctest */;
			productType = "com.apple.product-type.bundle.ui-testing";
		};
/* End PBXNativeTarget section */

/* Begin PBXProject section */
		C38723082B75488200B66242 /* Project object */ = {
			isa = PBXProject;
			attributes = {
				BuildIndependentTargetsInParallel = 1;
				LastSwiftUpdateCheck = 1530;
				LastUpgradeCheck = 1520;
				TargetAttributes = {
					C387230F2B75488200B66242 = {
						CreatedOnToolsVersion = 15.2;
					};
					C387231F2B75488500B66242 = {
						CreatedOnToolsVersion = 15.2;
						TestTargetID = C387230F2B75488200B66242;
					};
					C38723292B75488500B66242 = {
						CreatedOnToolsVersion = 15.2;
						TestTargetID = C387230F2B75488200B66242;
					};
					C3A4DA7B2BEAC2310010FD6D = {
						CreatedOnToolsVersion = 15.3;
					};
					C3A4DA8A2BEAC2330010FD6D = {
						CreatedOnToolsVersion = 15.3;
						TestTargetID = C3A4DA7B2BEAC2310010FD6D;
					};
					C3A4DA942BEAC2330010FD6D = {
						CreatedOnToolsVersion = 15.3;
						TestTargetID = C3A4DA7B2BEAC2310010FD6D;
					};
				};
			};
			buildConfigurationList = C387230B2B75488200B66242 /* Build configuration list for PBXProject "FluentDB" */;
			compatibilityVersion = "Xcode 14.0";
			developmentRegion = en;
			hasScannedForEncodings = 0;
			knownRegions = (
				en,
				Base,
			);
			mainGroup = C38723072B75488200B66242;
			packageReferences = (
				C387233D2B75495E00B66242 /* XCRemoteSwiftPackageReference "fluent-sqlite-driver" */,
				C3A4DAB82BEE0AE90010FD6D /* XCLocalSwiftPackageReference "Core" */,
			);
			productRefGroup = C38723112B75488300B66242 /* Products */;
			projectDirPath = "";
			projectRoot = "";
			targets = (
				C387230F2B75488200B66242 /* FluentDB */,
				C387231F2B75488500B66242 /* FluentDBTests */,
				C38723292B75488500B66242 /* FluentDBUITests */,
				C3A4DA7B2BEAC2310010FD6D /* SwiftDataDB */,
				C3A4DA8A2BEAC2330010FD6D /* SwiftDataDBTests */,
				C3A4DA942BEAC2330010FD6D /* SwiftDataDBUITests */,
			);
		};
/* End PBXProject section */

/* Begin PBXResourcesBuildPhase section */
		C387230E2B75488200B66242 /* Resources */ = {
			isa = PBXResourcesBuildPhase;
			buildActionMask = 2147483647;
			files = (
				C387231B2B75488500B66242 /* Preview Assets.xcassets in Resources */,
				C38723182B75488500B66242 /* Assets.xcassets in Resources */,
			);
			runOnlyForDeploymentPostprocessing = 0;
		};
		C387231E2B75488500B66242 /* Resources */ = {
			isa = PBXResourcesBuildPhase;
			buildActionMask = 2147483647;
			files = (
			);
			runOnlyForDeploymentPostprocessing = 0;
		};
		C38723282B75488500B66242 /* Resources */ = {
			isa = PBXResourcesBuildPhase;
			buildActionMask = 2147483647;
			files = (
			);
			runOnlyForDeploymentPostprocessing = 0;
		};
		C3A4DA7A2BEAC2310010FD6D /* Resources */ = {
			isa = PBXResourcesBuildPhase;
			buildActionMask = 2147483647;
			files = (
				C3A4DA862BEAC2330010FD6D /* Preview Assets.xcassets in Resources */,
				C3A4DA832BEAC2330010FD6D /* Assets.xcassets in Resources */,
			);
			runOnlyForDeploymentPostprocessing = 0;
		};
		C3A4DA892BEAC2330010FD6D /* Resources */ = {
			isa = PBXResourcesBuildPhase;
			buildActionMask = 2147483647;
			files = (
			);
			runOnlyForDeploymentPostprocessing = 0;
		};
		C3A4DA932BEAC2330010FD6D /* Resources */ = {
			isa = PBXResourcesBuildPhase;
			buildActionMask = 2147483647;
			files = (
			);
			runOnlyForDeploymentPostprocessing = 0;
		};
/* End PBXResourcesBuildPhase section */

/* Begin PBXSourcesBuildPhase section */
		C387230C2B75488200B66242 /* Sources */ = {
			isa = PBXSourcesBuildPhase;
			buildActionMask = 2147483647;
			files = (
				C32BA0802B95079700F33D8F /* DatabaseManager.swift in Sources */,
				C38723142B75488300B66242 /* FluentDBApp.swift in Sources */,
				C3A4DAB62BEDF4340010FD6D /* FluentDatabaseQuery.swift in Sources */,
				C32BA0852B95154500F33D8F /* TodoGroup.swift in Sources */,
				C38723462B7555AF00B66242 /* Todo.swift in Sources */,
			);
			runOnlyForDeploymentPostprocessing = 0;
		};
		C387231C2B75488500B66242 /* Sources */ = {
			isa = PBXSourcesBuildPhase;
			buildActionMask = 2147483647;
			files = (
				C38723252B75488500B66242 /* FluentDBTests.swift in Sources */,
			);
			runOnlyForDeploymentPostprocessing = 0;
		};
		C38723262B75488500B66242 /* Sources */ = {
			isa = PBXSourcesBuildPhase;
			buildActionMask = 2147483647;
			files = (
				C38723312B75488500B66242 /* FluentDBUITestsLaunchTests.swift in Sources */,
				C387232F2B75488500B66242 /* FluentDBUITests.swift in Sources */,
			);
			runOnlyForDeploymentPostprocessing = 0;
		};
		C3A4DA782BEAC2310010FD6D /* Sources */ = {
			isa = PBXSourcesBuildPhase;
			buildActionMask = 2147483647;
			files = (
				C3A4DAAE2BEB94930010FD6D /* TodoGroup.swift in Sources */,
				C3A4DA7F2BEAC2320010FD6D /* SwiftDataDBApp.swift in Sources */,
				C3A4DAB22BED4B850010FD6D /* TodoDetailsView.swift in Sources */,
				C3A4DAAA2BEB75840010FD6D /* DatabaseManager.swift in Sources */,
				C3A4DAB42BED4BB40010FD6D /* AddGroupView.swift in Sources */,
				C3A4DAB02BED4A2C0010FD6D /* TodoListView.swift in Sources */,
				C3A4DAAC2BEB94820010FD6D /* Todo.swift in Sources */,
			);
			runOnlyForDeploymentPostprocessing = 0;
		};
		C3A4DA872BEAC2330010FD6D /* Sources */ = {
			isa = PBXSourcesBuildPhase;
			buildActionMask = 2147483647;
			files = (
				C3A4DA902BEAC2330010FD6D /* SwiftDataDBTests.swift in Sources */,
			);
			runOnlyForDeploymentPostprocessing = 0;
		};
		C3A4DA912BEAC2330010FD6D /* Sources */ = {
			isa = PBXSourcesBuildPhase;
			buildActionMask = 2147483647;
			files = (
				C3A4DA9C2BEAC2330010FD6D /* SwiftDataDBUITestsLaunchTests.swift in Sources */,
				C3A4DA9A2BEAC2330010FD6D /* SwiftDataDBUITests.swift in Sources */,
			);
			runOnlyForDeploymentPostprocessing = 0;
		};
/* End PBXSourcesBuildPhase section */

/* Begin PBXTargetDependency section */
		C38723222B75488500B66242 /* PBXTargetDependency */ = {
			isa = PBXTargetDependency;
			target = C387230F2B75488200B66242 /* FluentDB */;
			targetProxy = C38723212B75488500B66242 /* PBXContainerItemProxy */;
		};
		C387232C2B75488500B66242 /* PBXTargetDependency */ = {
			isa = PBXTargetDependency;
			target = C387230F2B75488200B66242 /* FluentDB */;
			targetProxy = C387232B2B75488500B66242 /* PBXContainerItemProxy */;
		};
		C3A4DA8D2BEAC2330010FD6D /* PBXTargetDependency */ = {
			isa = PBXTargetDependency;
			target = C3A4DA7B2BEAC2310010FD6D /* SwiftDataDB */;
			targetProxy = C3A4DA8C2BEAC2330010FD6D /* PBXContainerItemProxy */;
		};
		C3A4DA972BEAC2330010FD6D /* PBXTargetDependency */ = {
			isa = PBXTargetDependency;
			target = C3A4DA7B2BEAC2310010FD6D /* SwiftDataDB */;
			targetProxy = C3A4DA962BEAC2330010FD6D /* PBXContainerItemProxy */;
		};
/* End PBXTargetDependency section */

/* Begin XCBuildConfiguration section */
		C38723322B75488500B66242 /* Debug */ = {
			isa = XCBuildConfiguration;
			buildSettings = {
				ALWAYS_SEARCH_USER_PATHS = NO;
				ASSETCATALOG_COMPILER_GENERATE_SWIFT_ASSET_SYMBOL_EXTENSIONS = YES;
				CLANG_ANALYZER_NONNULL = YES;
				CLANG_ANALYZER_NUMBER_OBJECT_CONVERSION = YES_AGGRESSIVE;
				CLANG_CXX_LANGUAGE_STANDARD = "gnu++20";
				CLANG_ENABLE_MODULES = YES;
				CLANG_ENABLE_OBJC_ARC = YES;
				CLANG_ENABLE_OBJC_WEAK = YES;
				CLANG_WARN_BLOCK_CAPTURE_AUTORELEASING = YES;
				CLANG_WARN_BOOL_CONVERSION = YES;
				CLANG_WARN_COMMA = YES;
				CLANG_WARN_CONSTANT_CONVERSION = YES;
				CLANG_WARN_DEPRECATED_OBJC_IMPLEMENTATIONS = YES;
				CLANG_WARN_DIRECT_OBJC_ISA_USAGE = YES_ERROR;
				CLANG_WARN_DOCUMENTATION_COMMENTS = YES;
				CLANG_WARN_EMPTY_BODY = YES;
				CLANG_WARN_ENUM_CONVERSION = YES;
				CLANG_WARN_INFINITE_RECURSION = YES;
				CLANG_WARN_INT_CONVERSION = YES;
				CLANG_WARN_NON_LITERAL_NULL_CONVERSION = YES;
				CLANG_WARN_OBJC_IMPLICIT_RETAIN_SELF = YES;
				CLANG_WARN_OBJC_LITERAL_CONVERSION = YES;
				CLANG_WARN_OBJC_ROOT_CLASS = YES_ERROR;
				CLANG_WARN_QUOTED_INCLUDE_IN_FRAMEWORK_HEADER = YES;
				CLANG_WARN_RANGE_LOOP_ANALYSIS = YES;
				CLANG_WARN_STRICT_PROTOTYPES = YES;
				CLANG_WARN_SUSPICIOUS_MOVE = YES;
				CLANG_WARN_UNGUARDED_AVAILABILITY = YES_AGGRESSIVE;
				CLANG_WARN_UNREACHABLE_CODE = YES;
				CLANG_WARN__DUPLICATE_METHOD_MATCH = YES;
				COPY_PHASE_STRIP = NO;
				DEBUG_INFORMATION_FORMAT = dwarf;
				ENABLE_STRICT_OBJC_MSGSEND = YES;
				ENABLE_TESTABILITY = YES;
				ENABLE_USER_SCRIPT_SANDBOXING = YES;
				GCC_C_LANGUAGE_STANDARD = gnu17;
				GCC_DYNAMIC_NO_PIC = NO;
				GCC_NO_COMMON_BLOCKS = YES;
				GCC_OPTIMIZATION_LEVEL = 0;
				GCC_PREPROCESSOR_DEFINITIONS = (
					"DEBUG=1",
					"$(inherited)",
				);
				GCC_WARN_64_TO_32_BIT_CONVERSION = YES;
				GCC_WARN_ABOUT_RETURN_TYPE = YES_ERROR;
				GCC_WARN_UNDECLARED_SELECTOR = YES;
				GCC_WARN_UNINITIALIZED_AUTOS = YES_AGGRESSIVE;
				GCC_WARN_UNUSED_FUNCTION = YES;
				GCC_WARN_UNUSED_VARIABLE = YES;
				IPHONEOS_DEPLOYMENT_TARGET = 17.2;
				LOCALIZATION_PREFERS_STRING_CATALOGS = YES;
				MTL_ENABLE_DEBUG_INFO = INCLUDE_SOURCE;
				MTL_FAST_MATH = YES;
				ONLY_ACTIVE_ARCH = YES;
				SDKROOT = iphoneos;
				SWIFT_ACTIVE_COMPILATION_CONDITIONS = "DEBUG $(inherited)";
				SWIFT_OPTIMIZATION_LEVEL = "-Onone";
			};
			name = Debug;
		};
		C38723332B75488500B66242 /* Release */ = {
			isa = XCBuildConfiguration;
			buildSettings = {
				ALWAYS_SEARCH_USER_PATHS = NO;
				ASSETCATALOG_COMPILER_GENERATE_SWIFT_ASSET_SYMBOL_EXTENSIONS = YES;
				CLANG_ANALYZER_NONNULL = YES;
				CLANG_ANALYZER_NUMBER_OBJECT_CONVERSION = YES_AGGRESSIVE;
				CLANG_CXX_LANGUAGE_STANDARD = "gnu++20";
				CLANG_ENABLE_MODULES = YES;
				CLANG_ENABLE_OBJC_ARC = YES;
				CLANG_ENABLE_OBJC_WEAK = YES;
				CLANG_WARN_BLOCK_CAPTURE_AUTORELEASING = YES;
				CLANG_WARN_BOOL_CONVERSION = YES;
				CLANG_WARN_COMMA = YES;
				CLANG_WARN_CONSTANT_CONVERSION = YES;
				CLANG_WARN_DEPRECATED_OBJC_IMPLEMENTATIONS = YES;
				CLANG_WARN_DIRECT_OBJC_ISA_USAGE = YES_ERROR;
				CLANG_WARN_DOCUMENTATION_COMMENTS = YES;
				CLANG_WARN_EMPTY_BODY = YES;
				CLANG_WARN_ENUM_CONVERSION = YES;
				CLANG_WARN_INFINITE_RECURSION = YES;
				CLANG_WARN_INT_CONVERSION = YES;
				CLANG_WARN_NON_LITERAL_NULL_CONVERSION = YES;
				CLANG_WARN_OBJC_IMPLICIT_RETAIN_SELF = YES;
				CLANG_WARN_OBJC_LITERAL_CONVERSION = YES;
				CLANG_WARN_OBJC_ROOT_CLASS = YES_ERROR;
				CLANG_WARN_QUOTED_INCLUDE_IN_FRAMEWORK_HEADER = YES;
				CLANG_WARN_RANGE_LOOP_ANALYSIS = YES;
				CLANG_WARN_STRICT_PROTOTYPES = YES;
				CLANG_WARN_SUSPICIOUS_MOVE = YES;
				CLANG_WARN_UNGUARDED_AVAILABILITY = YES_AGGRESSIVE;
				CLANG_WARN_UNREACHABLE_CODE = YES;
				CLANG_WARN__DUPLICATE_METHOD_MATCH = YES;
				COPY_PHASE_STRIP = NO;
				DEBUG_INFORMATION_FORMAT = "dwarf-with-dsym";
				ENABLE_NS_ASSERTIONS = NO;
				ENABLE_STRICT_OBJC_MSGSEND = YES;
				ENABLE_USER_SCRIPT_SANDBOXING = YES;
				GCC_C_LANGUAGE_STANDARD = gnu17;
				GCC_NO_COMMON_BLOCKS = YES;
				GCC_WARN_64_TO_32_BIT_CONVERSION = YES;
				GCC_WARN_ABOUT_RETURN_TYPE = YES_ERROR;
				GCC_WARN_UNDECLARED_SELECTOR = YES;
				GCC_WARN_UNINITIALIZED_AUTOS = YES_AGGRESSIVE;
				GCC_WARN_UNUSED_FUNCTION = YES;
				GCC_WARN_UNUSED_VARIABLE = YES;
				IPHONEOS_DEPLOYMENT_TARGET = 17.2;
				LOCALIZATION_PREFERS_STRING_CATALOGS = YES;
				MTL_ENABLE_DEBUG_INFO = NO;
				MTL_FAST_MATH = YES;
				SDKROOT = iphoneos;
				SWIFT_COMPILATION_MODE = wholemodule;
				VALIDATE_PRODUCT = YES;
			};
			name = Release;
		};
		C38723352B75488500B66242 /* Debug */ = {
			isa = XCBuildConfiguration;
			buildSettings = {
				ASSETCATALOG_COMPILER_APPICON_NAME = AppIcon;
				ASSETCATALOG_COMPILER_GLOBAL_ACCENT_COLOR_NAME = AccentColor;
				CODE_SIGN_STYLE = Automatic;
				CURRENT_PROJECT_VERSION = 1;
				DEVELOPMENT_ASSET_PATHS = "\"FluentDB/Preview Content\"";
				ENABLE_PREVIEWS = YES;
				GENERATE_INFOPLIST_FILE = YES;
				INFOPLIST_KEY_UIApplicationSceneManifest_Generation = YES;
				INFOPLIST_KEY_UIApplicationSupportsIndirectInputEvents = YES;
				INFOPLIST_KEY_UILaunchScreen_Generation = YES;
				INFOPLIST_KEY_UISupportedInterfaceOrientations_iPad = "UIInterfaceOrientationPortrait UIInterfaceOrientationPortraitUpsideDown UIInterfaceOrientationLandscapeLeft UIInterfaceOrientationLandscapeRight";
				INFOPLIST_KEY_UISupportedInterfaceOrientations_iPhone = "UIInterfaceOrientationPortrait UIInterfaceOrientationLandscapeLeft UIInterfaceOrientationLandscapeRight";
				LD_RUNPATH_SEARCH_PATHS = (
					"$(inherited)",
					"@executable_path/Frameworks",
				);
				MARKETING_VERSION = 1.0;
				PRODUCT_BUNDLE_IDENTIFIER = Ozon.FluentDB;
				PRODUCT_NAME = "$(TARGET_NAME)";
				SWIFT_EMIT_LOC_STRINGS = YES;
				SWIFT_VERSION = 5.0;
				TARGETED_DEVICE_FAMILY = "1,2";
			};
			name = Debug;
		};
		C38723362B75488500B66242 /* Release */ = {
			isa = XCBuildConfiguration;
			buildSettings = {
				ASSETCATALOG_COMPILER_APPICON_NAME = AppIcon;
				ASSETCATALOG_COMPILER_GLOBAL_ACCENT_COLOR_NAME = AccentColor;
				CODE_SIGN_STYLE = Automatic;
				CURRENT_PROJECT_VERSION = 1;
				DEVELOPMENT_ASSET_PATHS = "\"FluentDB/Preview Content\"";
				ENABLE_PREVIEWS = YES;
				GENERATE_INFOPLIST_FILE = YES;
				INFOPLIST_KEY_UIApplicationSceneManifest_Generation = YES;
				INFOPLIST_KEY_UIApplicationSupportsIndirectInputEvents = YES;
				INFOPLIST_KEY_UILaunchScreen_Generation = YES;
				INFOPLIST_KEY_UISupportedInterfaceOrientations_iPad = "UIInterfaceOrientationPortrait UIInterfaceOrientationPortraitUpsideDown UIInterfaceOrientationLandscapeLeft UIInterfaceOrientationLandscapeRight";
				INFOPLIST_KEY_UISupportedInterfaceOrientations_iPhone = "UIInterfaceOrientationPortrait UIInterfaceOrientationLandscapeLeft UIInterfaceOrientationLandscapeRight";
				LD_RUNPATH_SEARCH_PATHS = (
					"$(inherited)",
					"@executable_path/Frameworks",
				);
				MARKETING_VERSION = 1.0;
				PRODUCT_BUNDLE_IDENTIFIER = Ozon.FluentDB;
				PRODUCT_NAME = "$(TARGET_NAME)";
				SWIFT_EMIT_LOC_STRINGS = YES;
				SWIFT_VERSION = 5.0;
				TARGETED_DEVICE_FAMILY = "1,2";
			};
			name = Release;
		};
		C38723382B75488500B66242 /* Debug */ = {
			isa = XCBuildConfiguration;
			buildSettings = {
				ALWAYS_EMBED_SWIFT_STANDARD_LIBRARIES = YES;
				BUNDLE_LOADER = "$(TEST_HOST)";
				CODE_SIGN_STYLE = Automatic;
				CURRENT_PROJECT_VERSION = 1;
				GENERATE_INFOPLIST_FILE = YES;
				IPHONEOS_DEPLOYMENT_TARGET = 17.2;
				MARKETING_VERSION = 1.0;
				PRODUCT_BUNDLE_IDENTIFIER = Ozon.FluentDBTests;
				PRODUCT_NAME = "$(TARGET_NAME)";
				SWIFT_EMIT_LOC_STRINGS = NO;
				SWIFT_VERSION = 5.0;
				TARGETED_DEVICE_FAMILY = "1,2";
				TEST_HOST = "$(BUILT_PRODUCTS_DIR)/FluentDB.app/$(BUNDLE_EXECUTABLE_FOLDER_PATH)/FluentDB";
			};
			name = Debug;
		};
		C38723392B75488500B66242 /* Release */ = {
			isa = XCBuildConfiguration;
			buildSettings = {
				ALWAYS_EMBED_SWIFT_STANDARD_LIBRARIES = YES;
				BUNDLE_LOADER = "$(TEST_HOST)";
				CODE_SIGN_STYLE = Automatic;
				CURRENT_PROJECT_VERSION = 1;
				GENERATE_INFOPLIST_FILE = YES;
				IPHONEOS_DEPLOYMENT_TARGET = 17.2;
				MARKETING_VERSION = 1.0;
				PRODUCT_BUNDLE_IDENTIFIER = Ozon.FluentDBTests;
				PRODUCT_NAME = "$(TARGET_NAME)";
				SWIFT_EMIT_LOC_STRINGS = NO;
				SWIFT_VERSION = 5.0;
				TARGETED_DEVICE_FAMILY = "1,2";
				TEST_HOST = "$(BUILT_PRODUCTS_DIR)/FluentDB.app/$(BUNDLE_EXECUTABLE_FOLDER_PATH)/FluentDB";
			};
			name = Release;
		};
		C387233B2B75488500B66242 /* Debug */ = {
			isa = XCBuildConfiguration;
			buildSettings = {
				ALWAYS_EMBED_SWIFT_STANDARD_LIBRARIES = YES;
				CODE_SIGN_STYLE = Automatic;
				CURRENT_PROJECT_VERSION = 1;
				GENERATE_INFOPLIST_FILE = YES;
				MARKETING_VERSION = 1.0;
				PRODUCT_BUNDLE_IDENTIFIER = Ozon.FluentDBUITests;
				PRODUCT_NAME = "$(TARGET_NAME)";
				SWIFT_EMIT_LOC_STRINGS = NO;
				SWIFT_VERSION = 5.0;
				TARGETED_DEVICE_FAMILY = "1,2";
				TEST_TARGET_NAME = FluentDB;
			};
			name = Debug;
		};
		C387233C2B75488500B66242 /* Release */ = {
			isa = XCBuildConfiguration;
			buildSettings = {
				ALWAYS_EMBED_SWIFT_STANDARD_LIBRARIES = YES;
				CODE_SIGN_STYLE = Automatic;
				CURRENT_PROJECT_VERSION = 1;
				GENERATE_INFOPLIST_FILE = YES;
				MARKETING_VERSION = 1.0;
				PRODUCT_BUNDLE_IDENTIFIER = Ozon.FluentDBUITests;
				PRODUCT_NAME = "$(TARGET_NAME)";
				SWIFT_EMIT_LOC_STRINGS = NO;
				SWIFT_VERSION = 5.0;
				TARGETED_DEVICE_FAMILY = "1,2";
				TEST_TARGET_NAME = FluentDB;
			};
			name = Release;
		};
		C3A4DA9D2BEAC2330010FD6D /* Debug */ = {
			isa = XCBuildConfiguration;
			buildSettings = {
				ASSETCATALOG_COMPILER_APPICON_NAME = AppIcon;
				ASSETCATALOG_COMPILER_GLOBAL_ACCENT_COLOR_NAME = AccentColor;
				CODE_SIGN_STYLE = Automatic;
				CURRENT_PROJECT_VERSION = 1;
				DEVELOPMENT_ASSET_PATHS = "\"SwiftDataDB/Preview Content\"";
				ENABLE_PREVIEWS = YES;
				GENERATE_INFOPLIST_FILE = YES;
				INFOPLIST_KEY_UIApplicationSceneManifest_Generation = YES;
				INFOPLIST_KEY_UIApplicationSupportsIndirectInputEvents = YES;
				INFOPLIST_KEY_UILaunchScreen_Generation = YES;
				INFOPLIST_KEY_UISupportedInterfaceOrientations_iPad = "UIInterfaceOrientationPortrait UIInterfaceOrientationPortraitUpsideDown UIInterfaceOrientationLandscapeLeft UIInterfaceOrientationLandscapeRight";
				INFOPLIST_KEY_UISupportedInterfaceOrientations_iPhone = "UIInterfaceOrientationPortrait UIInterfaceOrientationLandscapeLeft UIInterfaceOrientationLandscapeRight";
				IPHONEOS_DEPLOYMENT_TARGET = 17.2;
				LD_RUNPATH_SEARCH_PATHS = (
					"$(inherited)",
					"@executable_path/Frameworks",
				);
				MARKETING_VERSION = 1.0;
				PRODUCT_BUNDLE_IDENTIFIER = ByteriX.SwiftDataDB;
				PRODUCT_NAME = "$(TARGET_NAME)";
				SWIFT_EMIT_LOC_STRINGS = YES;
				SWIFT_VERSION = 5.0;
				TARGETED_DEVICE_FAMILY = "1,2";
			};
			name = Debug;
		};
		C3A4DA9E2BEAC2330010FD6D /* Release */ = {
			isa = XCBuildConfiguration;
			buildSettings = {
				ASSETCATALOG_COMPILER_APPICON_NAME = AppIcon;
				ASSETCATALOG_COMPILER_GLOBAL_ACCENT_COLOR_NAME = AccentColor;
				CODE_SIGN_STYLE = Automatic;
				CURRENT_PROJECT_VERSION = 1;
				DEVELOPMENT_ASSET_PATHS = "\"SwiftDataDB/Preview Content\"";
				ENABLE_PREVIEWS = YES;
				GENERATE_INFOPLIST_FILE = YES;
				INFOPLIST_KEY_UIApplicationSceneManifest_Generation = YES;
				INFOPLIST_KEY_UIApplicationSupportsIndirectInputEvents = YES;
				INFOPLIST_KEY_UILaunchScreen_Generation = YES;
				INFOPLIST_KEY_UISupportedInterfaceOrientations_iPad = "UIInterfaceOrientationPortrait UIInterfaceOrientationPortraitUpsideDown UIInterfaceOrientationLandscapeLeft UIInterfaceOrientationLandscapeRight";
				INFOPLIST_KEY_UISupportedInterfaceOrientations_iPhone = "UIInterfaceOrientationPortrait UIInterfaceOrientationLandscapeLeft UIInterfaceOrientationLandscapeRight";
				IPHONEOS_DEPLOYMENT_TARGET = 17.2;
				LD_RUNPATH_SEARCH_PATHS = (
					"$(inherited)",
					"@executable_path/Frameworks",
				);
				MARKETING_VERSION = 1.0;
				PRODUCT_BUNDLE_IDENTIFIER = ByteriX.SwiftDataDB;
				PRODUCT_NAME = "$(TARGET_NAME)";
				SWIFT_EMIT_LOC_STRINGS = YES;
				SWIFT_VERSION = 5.0;
				TARGETED_DEVICE_FAMILY = "1,2";
			};
			name = Release;
		};
		C3A4DA9F2BEAC2330010FD6D /* Debug */ = {
			isa = XCBuildConfiguration;
			buildSettings = {
				ALWAYS_EMBED_SWIFT_STANDARD_LIBRARIES = YES;
				BUNDLE_LOADER = "$(TEST_HOST)";
				CODE_SIGN_STYLE = Automatic;
				CURRENT_PROJECT_VERSION = 1;
				GENERATE_INFOPLIST_FILE = YES;
				IPHONEOS_DEPLOYMENT_TARGET = 17.4;
				MARKETING_VERSION = 1.0;
				PRODUCT_BUNDLE_IDENTIFIER = ByteriX.SwiftDataDBTests;
				PRODUCT_NAME = "$(TARGET_NAME)";
				SWIFT_EMIT_LOC_STRINGS = NO;
				SWIFT_VERSION = 5.0;
				TARGETED_DEVICE_FAMILY = "1,2";
				TEST_HOST = "$(BUILT_PRODUCTS_DIR)/SwiftDataDB.app/$(BUNDLE_EXECUTABLE_FOLDER_PATH)/SwiftDataDB";
			};
			name = Debug;
		};
		C3A4DAA02BEAC2330010FD6D /* Release */ = {
			isa = XCBuildConfiguration;
			buildSettings = {
				ALWAYS_EMBED_SWIFT_STANDARD_LIBRARIES = YES;
				BUNDLE_LOADER = "$(TEST_HOST)";
				CODE_SIGN_STYLE = Automatic;
				CURRENT_PROJECT_VERSION = 1;
				GENERATE_INFOPLIST_FILE = YES;
				IPHONEOS_DEPLOYMENT_TARGET = 17.4;
				MARKETING_VERSION = 1.0;
				PRODUCT_BUNDLE_IDENTIFIER = ByteriX.SwiftDataDBTests;
				PRODUCT_NAME = "$(TARGET_NAME)";
				SWIFT_EMIT_LOC_STRINGS = NO;
				SWIFT_VERSION = 5.0;
				TARGETED_DEVICE_FAMILY = "1,2";
				TEST_HOST = "$(BUILT_PRODUCTS_DIR)/SwiftDataDB.app/$(BUNDLE_EXECUTABLE_FOLDER_PATH)/SwiftDataDB";
			};
			name = Release;
		};
		C3A4DAA12BEAC2330010FD6D /* Debug */ = {
			isa = XCBuildConfiguration;
			buildSettings = {
				ALWAYS_EMBED_SWIFT_STANDARD_LIBRARIES = YES;
				CODE_SIGN_STYLE = Automatic;
				CURRENT_PROJECT_VERSION = 1;
				GENERATE_INFOPLIST_FILE = YES;
				IPHONEOS_DEPLOYMENT_TARGET = 17.4;
				MARKETING_VERSION = 1.0;
				PRODUCT_BUNDLE_IDENTIFIER = ByteriX.SwiftDataDBUITests;
				PRODUCT_NAME = "$(TARGET_NAME)";
				SWIFT_EMIT_LOC_STRINGS = NO;
				SWIFT_VERSION = 5.0;
				TARGETED_DEVICE_FAMILY = "1,2";
				TEST_TARGET_NAME = SwiftDataDB;
			};
			name = Debug;
		};
		C3A4DAA22BEAC2330010FD6D /* Release */ = {
			isa = XCBuildConfiguration;
			buildSettings = {
				ALWAYS_EMBED_SWIFT_STANDARD_LIBRARIES = YES;
				CODE_SIGN_STYLE = Automatic;
				CURRENT_PROJECT_VERSION = 1;
				GENERATE_INFOPLIST_FILE = YES;
				IPHONEOS_DEPLOYMENT_TARGET = 17.4;
				MARKETING_VERSION = 1.0;
				PRODUCT_BUNDLE_IDENTIFIER = ByteriX.SwiftDataDBUITests;
				PRODUCT_NAME = "$(TARGET_NAME)";
				SWIFT_EMIT_LOC_STRINGS = NO;
				SWIFT_VERSION = 5.0;
				TARGETED_DEVICE_FAMILY = "1,2";
				TEST_TARGET_NAME = SwiftDataDB;
			};
			name = Release;
		};
/* End XCBuildConfiguration section */

/* Begin XCConfigurationList section */
		C387230B2B75488200B66242 /* Build configuration list for PBXProject "FluentDB" */ = {
			isa = XCConfigurationList;
			buildConfigurations = (
				C38723322B75488500B66242 /* Debug */,
				C38723332B75488500B66242 /* Release */,
			);
			defaultConfigurationIsVisible = 0;
			defaultConfigurationName = Release;
		};
		C38723342B75488500B66242 /* Build configuration list for PBXNativeTarget "FluentDB" */ = {
			isa = XCConfigurationList;
			buildConfigurations = (
				C38723352B75488500B66242 /* Debug */,
				C38723362B75488500B66242 /* Release */,
			);
			defaultConfigurationIsVisible = 0;
			defaultConfigurationName = Release;
		};
		C38723372B75488500B66242 /* Build configuration list for PBXNativeTarget "FluentDBTests" */ = {
			isa = XCConfigurationList;
			buildConfigurations = (
				C38723382B75488500B66242 /* Debug */,
				C38723392B75488500B66242 /* Release */,
			);
			defaultConfigurationIsVisible = 0;
			defaultConfigurationName = Release;
		};
		C387233A2B75488500B66242 /* Build configuration list for PBXNativeTarget "FluentDBUITests" */ = {
			isa = XCConfigurationList;
			buildConfigurations = (
				C387233B2B75488500B66242 /* Debug */,
				C387233C2B75488500B66242 /* Release */,
			);
			defaultConfigurationIsVisible = 0;
			defaultConfigurationName = Release;
		};
		C3A4DAA32BEAC2330010FD6D /* Build configuration list for PBXNativeTarget "SwiftDataDB" */ = {
			isa = XCConfigurationList;
			buildConfigurations = (
				C3A4DA9D2BEAC2330010FD6D /* Debug */,
				C3A4DA9E2BEAC2330010FD6D /* Release */,
			);
			defaultConfigurationIsVisible = 0;
			defaultConfigurationName = Release;
		};
		C3A4DAA42BEAC2330010FD6D /* Build configuration list for PBXNativeTarget "SwiftDataDBTests" */ = {
			isa = XCConfigurationList;
			buildConfigurations = (
				C3A4DA9F2BEAC2330010FD6D /* Debug */,
				C3A4DAA02BEAC2330010FD6D /* Release */,
			);
			defaultConfigurationIsVisible = 0;
			defaultConfigurationName = Release;
		};
		C3A4DAA52BEAC2330010FD6D /* Build configuration list for PBXNativeTarget "SwiftDataDBUITests" */ = {
			isa = XCConfigurationList;
			buildConfigurations = (
				C3A4DAA12BEAC2330010FD6D /* Debug */,
				C3A4DAA22BEAC2330010FD6D /* Release */,
			);
			defaultConfigurationIsVisible = 0;
			defaultConfigurationName = Release;
		};
/* End XCConfigurationList section */

/* Begin XCLocalSwiftPackageReference section */
		C3A4DAB82BEE0AE90010FD6D /* XCLocalSwiftPackageReference "Core" */ = {
			isa = XCLocalSwiftPackageReference;
			relativePath = Core;
		};
/* End XCLocalSwiftPackageReference section */

/* Begin XCRemoteSwiftPackageReference section */
		C387233D2B75495E00B66242 /* XCRemoteSwiftPackageReference "fluent-sqlite-driver" */ = {
			isa = XCRemoteSwiftPackageReference;
			repositoryURL = "https://github.com/vapor/fluent-sqlite-driver.git";
			requirement = {
				kind = upToNextMajorVersion;
				minimumVersion = 4.6.0;
			};
		};
/* End XCRemoteSwiftPackageReference section */

/* Begin XCSwiftPackageProductDependency section */
		C387233E2B75495E00B66242 /* FluentSQLiteDriver */ = {
			isa = XCSwiftPackageProductDependency;
			package = C387233D2B75495E00B66242 /* XCRemoteSwiftPackageReference "fluent-sqlite-driver" */;
			productName = FluentSQLiteDriver;
		};
		C3A4DABA2BEE0B6B0010FD6D /* Core */ = {
			isa = XCSwiftPackageProductDependency;
			package = C3A4DAB82BEE0AE90010FD6D /* XCLocalSwiftPackageReference "Core" */;
			productName = Core;
		};
/* End XCSwiftPackageProductDependency section */
	};
	rootObject = C38723082B75488200B66242 /* Project object */;
}
